
Microsoft Visual Studio Solution File, Format Version 12.00
# Visual Studio 15
VisualStudioVersion = 15.0.28307.168
MinimumVisualStudioVersion = 10.0.40219.1
Project("{2150E333-8FDC-42A3-9474-1A3956D46DE8}") = "libs", "libs", "{C815AE17-93CA-4416-B7DD-3B252FB250D9}"
EndProject
Project("{8BC9CEB8-8B4A-11D0-8D11-00A0C91BC942}") = "cairo", "libs\projects\cairo\cairo.vcxproj", "{B3730487-D742-401C-9F29-BDCA72EF2603}"
EndProject
Project("{8BC9CEB8-8B4A-11D0-8D11-00A0C91BC942}") = "fontconfig", "libs\projects\fontconfig\fontconfig.vcxproj", "{AC4F5A41-D446-4265-B6C2-A22FFF35F360}"
EndProject
Project("{8BC9CEB8-8B4A-11D0-8D11-00A0C91BC942}") = "libexpat", "libs\projects\libexpat\libexpat.vcxproj", "{ED9D8242-F782-45DA-ACF0-F3A8773BFA13}"
EndProject
Project("{8BC9CEB8-8B4A-11D0-8D11-00A0C91BC942}") = "libgdiplus", "libs\projects\libgdiplus\libgdiplus.vcxproj", "{B119C8D8-F8BE-415D-8985-5DD8EE90780E}"
	ProjectSection(ProjectDependencies) = postProject
		{7123A522-D07F-4F81-88B0-5793F377E58C} = {7123A522-D07F-4F81-88B0-5793F377E58C}
		{AC4F5A41-D446-4265-B6C2-A22FFF35F360} = {AC4F5A41-D446-4265-B6C2-A22FFF35F360}
		{B3730487-D742-401C-9F29-BDCA72EF2603} = {B3730487-D742-401C-9F29-BDCA72EF2603}
	EndProjectSection
EndProject
Project("{8BC9CEB8-8B4A-11D0-8D11-00A0C91BC942}") = "nanox", "libs\projects\microwindows\microwindows.vcxproj", "{336C5232-B0DA-45D8-A371-9AA11BC7E93D}"
EndProject
Project("{8BC9CEB8-8B4A-11D0-8D11-00A0C91BC942}") = "pixman", "libs\projects\pixman\pixman.vcxproj", "{7123A522-D07F-4F81-88B0-5793F377E58C}"
EndProject
Project("{9A19103F-16F7-4668-BE54-9A1E7A4F7556}") = "System.Drawing.New", "winforms\System.Drawing.New\System.Drawing.New.csproj", "{EAF84C17-145C-4071-AAB0-7DDFDD08BDF1}"
EndProject
Project("{2150E333-8FDC-42A3-9474-1A3956D46DE8}") = "libWinforms", "libWinforms", "{127EA24E-740B-450C-A41A-1DDFDFCAB93D}"
EndProject
Project("{9A19103F-16F7-4668-BE54-9A1E7A4F7556}") = "WasmWinforms.Common", "winforms\Common\WasmWinforms.Common.csproj", "{99071C45-5A7F-4B30-9101-477F06977B2B}"
EndProject
Project("{9A19103F-16F7-4668-BE54-9A1E7A4F7556}") = "System.Windows.Forms", "winforms\src\System.Windows.Forms\System.Windows.Forms.csproj", "{54C2A0C7-CC76-4809-94AE-4A534DD7B072}"
EndProject
Project("{2150E333-8FDC-42A3-9474-1A3956D46DE8}") = "Tests", "Tests", "{2148F9E0-73B7-403F-9215-A052E5DD425B}"
EndProject
Project("{FAE04EC0-301F-11D3-BF4B-00C04F79EFBC}") = "WinFormSimple1", "winforms\WinFormSimple1\WinFormSimple1.csproj", "{0DB22D32-0E42-4A85-8BD1-C03A1DB61F08}"
EndProject
Project("{9A19103F-16F7-4668-BE54-9A1E7A4F7556}") = "WinFormSimple1Core", "winforms\WinFormSimple1Core\WinFormSimple1Core.csproj", "{A4EBC14A-4F29-475A-B46B-7593590BFD95}"
EndProject
Project("{2150E333-8FDC-42A3-9474-1A3956D46DE8}") = "Solution Items", "Solution Items", "{B745C4B8-103C-4672-94EA-210C22C2C8EE}"
	ProjectSection(SolutionItems) = preProject
		Directory.Build.props = Directory.Build.props
	EndProjectSection
EndProject
Project("{2150E333-8FDC-42A3-9474-1A3956D46DE8}") = "mono-wasm", "mono-wasm", "{1D7BCB48-855E-449E-8C14-64DA44882618}"
EndProject
Project("{8BC9CEB8-8B4A-11D0-8D11-00A0C91BC942}") = "mono-wasm", "mono-wasm\mono-wasm.vcxproj", "{1F7C226E-22EB-4F45-89C7-ABD521178A21}"
EndProject
Project("{2150E333-8FDC-42A3-9474-1A3956D46DE8}") = "buildTask", "buildTask", "{506F205A-EF62-43E2-A356-34B05EE0F832}"
EndProject
Project("{9A19103F-16F7-4668-BE54-9A1E7A4F7556}") = "WasmWinforms.Build.Tasks", "WasmWinforms.Build.Tasks\WasmWinforms.Build.Tasks.csproj", "{EFE3748F-AC46-43DC-8C48-7A44B0E6093D}"
EndProject
Project("{9A19103F-16F7-4668-BE54-9A1E7A4F7556}") = "WinFormSimple1CoreNuget", "winforms\WinFormSimple1CoreNuget\WinFormSimple1CoreNuget.csproj", "{59A0FA1F-F2CF-4231-9070-6403637994ED}"
EndProject
Global
	GlobalSection(SolutionConfigurationPlatforms) = preSolution
		Debug|x86 = Debug|x86
		Release|x86 = Release|x86
		WasmDbg|x86 = WasmDbg|x86
		WasmRel|x86 = WasmRel|x86
	EndGlobalSection
	GlobalSection(ProjectConfigurationPlatforms) = postSolution
		{B3730487-D742-401C-9F29-BDCA72EF2603}.Debug|x86.ActiveCfg = Debug|Win32
		{B3730487-D742-401C-9F29-BDCA72EF2603}.Debug|x86.Build.0 = Debug|Win32
		{B3730487-D742-401C-9F29-BDCA72EF2603}.Release|x86.ActiveCfg = Release|Win32
		{B3730487-D742-401C-9F29-BDCA72EF2603}.Release|x86.Build.0 = Release|Win32
		{B3730487-D742-401C-9F29-BDCA72EF2603}.WasmDbg|x86.ActiveCfg = WasmDbg|Win32
		{B3730487-D742-401C-9F29-BDCA72EF2603}.WasmDbg|x86.Build.0 = WasmDbg|Win32
		{B3730487-D742-401C-9F29-BDCA72EF2603}.WasmRel|x86.ActiveCfg = WasmRel|Win32
		{B3730487-D742-401C-9F29-BDCA72EF2603}.WasmRel|x86.Build.0 = WasmRel|Win32
		{AC4F5A41-D446-4265-B6C2-A22FFF35F360}.Debug|x86.ActiveCfg = Debug|Win32
		{AC4F5A41-D446-4265-B6C2-A22FFF35F360}.Debug|x86.Build.0 = Debug|Win32
		{AC4F5A41-D446-4265-B6C2-A22FFF35F360}.Release|x86.ActiveCfg = Release|Win32
		{AC4F5A41-D446-4265-B6C2-A22FFF35F360}.Release|x86.Build.0 = Release|Win32
		{AC4F5A41-D446-4265-B6C2-A22FFF35F360}.WasmDbg|x86.ActiveCfg = WasmDbg|Win32
		{AC4F5A41-D446-4265-B6C2-A22FFF35F360}.WasmDbg|x86.Build.0 = WasmDbg|Win32
		{AC4F5A41-D446-4265-B6C2-A22FFF35F360}.WasmRel|x86.ActiveCfg = WasmRel|Win32
		{AC4F5A41-D446-4265-B6C2-A22FFF35F360}.WasmRel|x86.Build.0 = WasmRel|Win32
		{ED9D8242-F782-45DA-ACF0-F3A8773BFA13}.Debug|x86.ActiveCfg = Debug|Win32
		{ED9D8242-F782-45DA-ACF0-F3A8773BFA13}.Debug|x86.Build.0 = Debug|Win32
		{ED9D8242-F782-45DA-ACF0-F3A8773BFA13}.Release|x86.ActiveCfg = Release|Win32
		{ED9D8242-F782-45DA-ACF0-F3A8773BFA13}.Release|x86.Build.0 = Release|Win32
		{ED9D8242-F782-45DA-ACF0-F3A8773BFA13}.WasmDbg|x86.ActiveCfg = WasmDbg|Win32
		{ED9D8242-F782-45DA-ACF0-F3A8773BFA13}.WasmDbg|x86.Build.0 = WasmDbg|Win32
		{ED9D8242-F782-45DA-ACF0-F3A8773BFA13}.WasmRel|x86.ActiveCfg = WasmRel|Win32
		{ED9D8242-F782-45DA-ACF0-F3A8773BFA13}.WasmRel|x86.Build.0 = WasmRel|Win32
		{B119C8D8-F8BE-415D-8985-5DD8EE90780E}.Debug|x86.ActiveCfg = Debug|Win32
		{B119C8D8-F8BE-415D-8985-5DD8EE90780E}.Debug|x86.Build.0 = Debug|Win32
		{B119C8D8-F8BE-415D-8985-5DD8EE90780E}.Release|x86.ActiveCfg = Release|Win32
		{B119C8D8-F8BE-415D-8985-5DD8EE90780E}.Release|x86.Build.0 = Release|Win32
		{B119C8D8-F8BE-415D-8985-5DD8EE90780E}.WasmDbg|x86.ActiveCfg = WasmDbg|Win32
		{B119C8D8-F8BE-415D-8985-5DD8EE90780E}.WasmDbg|x86.Build.0 = WasmDbg|Win32
		{B119C8D8-F8BE-415D-8985-5DD8EE90780E}.WasmRel|x86.ActiveCfg = WasmRel|Win32
		{B119C8D8-F8BE-415D-8985-5DD8EE90780E}.WasmRel|x86.Build.0 = WasmRel|Win32
		{336C5232-B0DA-45D8-A371-9AA11BC7E93D}.Debug|x86.ActiveCfg = Debug|Win32
		{336C5232-B0DA-45D8-A371-9AA11BC7E93D}.Debug|x86.Build.0 = Debug|Win32
		{336C5232-B0DA-45D8-A371-9AA11BC7E93D}.Release|x86.ActiveCfg = Release|Win32
		{336C5232-B0DA-45D8-A371-9AA11BC7E93D}.Release|x86.Build.0 = Release|Win32
		{336C5232-B0DA-45D8-A371-9AA11BC7E93D}.WasmDbg|x86.ActiveCfg = WasmDbg|Win32
		{336C5232-B0DA-45D8-A371-9AA11BC7E93D}.WasmDbg|x86.Build.0 = WasmDbg|Win32
		{336C5232-B0DA-45D8-A371-9AA11BC7E93D}.WasmRel|x86.ActiveCfg = WasmRel|Win32
		{336C5232-B0DA-45D8-A371-9AA11BC7E93D}.WasmRel|x86.Build.0 = WasmRel|Win32
		{7123A522-D07F-4F81-88B0-5793F377E58C}.Debug|x86.ActiveCfg = Debug|Win32
		{7123A522-D07F-4F81-88B0-5793F377E58C}.Debug|x86.Build.0 = Debug|Win32
		{7123A522-D07F-4F81-88B0-5793F377E58C}.Release|x86.ActiveCfg = Release|Win32
		{7123A522-D07F-4F81-88B0-5793F377E58C}.Release|x86.Build.0 = Release|Win32
		{7123A522-D07F-4F81-88B0-5793F377E58C}.WasmDbg|x86.ActiveCfg = WasmDbg|Win32
		{7123A522-D07F-4F81-88B0-5793F377E58C}.WasmDbg|x86.Build.0 = WasmDbg|Win32
		{7123A522-D07F-4F81-88B0-5793F377E58C}.WasmRel|x86.ActiveCfg = WasmRel|Win32
		{7123A522-D07F-4F81-88B0-5793F377E58C}.WasmRel|x86.Build.0 = WasmRel|Win32
		{EAF84C17-145C-4071-AAB0-7DDFDD08BDF1}.Debug|x86.ActiveCfg = Debug|x86
		{EAF84C17-145C-4071-AAB0-7DDFDD08BDF1}.Debug|x86.Build.0 = Debug|x86
		{EAF84C17-145C-4071-AAB0-7DDFDD08BDF1}.Release|x86.ActiveCfg = Release|x86
		{EAF84C17-145C-4071-AAB0-7DDFDD08BDF1}.Release|x86.Build.0 = Release|x86
		{EAF84C17-145C-4071-AAB0-7DDFDD08BDF1}.WasmDbg|x86.ActiveCfg = Debug|x86
		{EAF84C17-145C-4071-AAB0-7DDFDD08BDF1}.WasmDbg|x86.Build.0 = Debug|x86
		{EAF84C17-145C-4071-AAB0-7DDFDD08BDF1}.WasmRel|x86.ActiveCfg = Release|x86
		{EAF84C17-145C-4071-AAB0-7DDFDD08BDF1}.WasmRel|x86.Build.0 = Release|x86
		{99071C45-5A7F-4B30-9101-477F06977B2B}.Debug|x86.ActiveCfg = Debug|x86
		{99071C45-5A7F-4B30-9101-477F06977B2B}.Debug|x86.Build.0 = Debug|x86
		{99071C45-5A7F-4B30-9101-477F06977B2B}.Release|x86.ActiveCfg = Release|x86
		{99071C45-5A7F-4B30-9101-477F06977B2B}.Release|x86.Build.0 = Release|x86
		{99071C45-5A7F-4B30-9101-477F06977B2B}.WasmDbg|x86.ActiveCfg = Release|x86
		{99071C45-5A7F-4B30-9101-477F06977B2B}.WasmDbg|x86.Build.0 = Release|x86
		{99071C45-5A7F-4B30-9101-477F06977B2B}.WasmRel|x86.ActiveCfg = Release|x86
		{99071C45-5A7F-4B30-9101-477F06977B2B}.WasmRel|x86.Build.0 = Release|x86
		{54C2A0C7-CC76-4809-94AE-4A534DD7B072}.Debug|x86.ActiveCfg = Debug|x86
		{54C2A0C7-CC76-4809-94AE-4A534DD7B072}.Debug|x86.Build.0 = Debug|x86
		{54C2A0C7-CC76-4809-94AE-4A534DD7B072}.Release|x86.ActiveCfg = Release|x86
		{54C2A0C7-CC76-4809-94AE-4A534DD7B072}.Release|x86.Build.0 = Release|x86
		{54C2A0C7-CC76-4809-94AE-4A534DD7B072}.WasmDbg|x86.ActiveCfg = Debug|x86
		{54C2A0C7-CC76-4809-94AE-4A534DD7B072}.WasmDbg|x86.Build.0 = Debug|x86
		{54C2A0C7-CC76-4809-94AE-4A534DD7B072}.WasmRel|x86.ActiveCfg = Release|x86
		{54C2A0C7-CC76-4809-94AE-4A534DD7B072}.WasmRel|x86.Build.0 = Release|x86
		{0DB22D32-0E42-4A85-8BD1-C03A1DB61F08}.Debug|x86.ActiveCfg = Debug|Win32
		{0DB22D32-0E42-4A85-8BD1-C03A1DB61F08}.Debug|x86.Build.0 = Debug|Win32
		{0DB22D32-0E42-4A85-8BD1-C03A1DB61F08}.Release|x86.ActiveCfg = Release|Win32
		{0DB22D32-0E42-4A85-8BD1-C03A1DB61F08}.Release|x86.Build.0 = Release|Win32
		{0DB22D32-0E42-4A85-8BD1-C03A1DB61F08}.WasmDbg|x86.ActiveCfg = Debug|Win32
		{0DB22D32-0E42-4A85-8BD1-C03A1DB61F08}.WasmDbg|x86.Build.0 = Debug|Win32
		{0DB22D32-0E42-4A85-8BD1-C03A1DB61F08}.WasmRel|x86.ActiveCfg = Release|Win32
		{0DB22D32-0E42-4A85-8BD1-C03A1DB61F08}.WasmRel|x86.Build.0 = Release|Win32
		{A4EBC14A-4F29-475A-B46B-7593590BFD95}.Debug|x86.ActiveCfg = Debug|x86
		{A4EBC14A-4F29-475A-B46B-7593590BFD95}.Debug|x86.Build.0 = Debug|x86
		{A4EBC14A-4F29-475A-B46B-7593590BFD95}.Release|x86.ActiveCfg = Release|x86
		{A4EBC14A-4F29-475A-B46B-7593590BFD95}.Release|x86.Build.0 = Release|x86
		{A4EBC14A-4F29-475A-B46B-7593590BFD95}.WasmDbg|x86.ActiveCfg = Debug|x86
		{A4EBC14A-4F29-475A-B46B-7593590BFD95}.WasmDbg|x86.Build.0 = Debug|x86
		{A4EBC14A-4F29-475A-B46B-7593590BFD95}.WasmRel|x86.ActiveCfg = Release|x86
		{A4EBC14A-4F29-475A-B46B-7593590BFD95}.WasmRel|x86.Build.0 = Release|x86
		{1F7C226E-22EB-4F45-89C7-ABD521178A21}.Debug|x86.ActiveCfg = WasmDbg|Win32
		{1F7C226E-22EB-4F45-89C7-ABD521178A21}.Release|x86.ActiveCfg = WasmRel|Win32
		{1F7C226E-22EB-4F45-89C7-ABD521178A21}.WasmDbg|x86.ActiveCfg = WasmDbg|Win32
		{1F7C226E-22EB-4F45-89C7-ABD521178A21}.WasmDbg|x86.Build.0 = WasmDbg|Win32
		{1F7C226E-22EB-4F45-89C7-ABD521178A21}.WasmRel|x86.ActiveCfg = WasmRel|Win32
		{1F7C226E-22EB-4F45-89C7-ABD521178A21}.WasmRel|x86.Build.0 = WasmRel|Win32
		{EFE3748F-AC46-43DC-8C48-7A44B0E6093D}.Debug|x86.ActiveCfg = Debug|Any CPU
		{EFE3748F-AC46-43DC-8C48-7A44B0E6093D}.Debug|x86.Build.0 = Debug|Any CPU
		{EFE3748F-AC46-43DC-8C48-7A44B0E6093D}.Release|x86.ActiveCfg = Release|Any CPU
		{EFE3748F-AC46-43DC-8C48-7A44B0E6093D}.Release|x86.Build.0 = Release|Any CPU
		{EFE3748F-AC46-43DC-8C48-7A44B0E6093D}.WasmDbg|x86.ActiveCfg = Debug|Any CPU
		{EFE3748F-AC46-43DC-8C48-7A44B0E6093D}.WasmDbg|x86.Build.0 = Debug|Any CPU
		{EFE3748F-AC46-43DC-8C48-7A44B0E6093D}.WasmRel|x86.ActiveCfg = Release|Any CPU
		{EFE3748F-AC46-43DC-8C48-7A44B0E6093D}.WasmRel|x86.Build.0 = Release|Any CPU
		{59A0FA1F-F2CF-4231-9070-6403637994ED}.Debug|x86.ActiveCfg = Debug|Any CPU
		{59A0FA1F-F2CF-4231-9070-6403637994ED}.Debug|x86.Build.0 = Debug|Any CPU
		{59A0FA1F-F2CF-4231-9070-6403637994ED}.Release|x86.ActiveCfg = Release|Any CPU
		{59A0FA1F-F2CF-4231-9070-6403637994ED}.Release|x86.Build.0 = Release|Any CPU
		{59A0FA1F-F2CF-4231-9070-6403637994ED}.WasmDbg|x86.ActiveCfg = Debug|Any CPU
		{59A0FA1F-F2CF-4231-9070-6403637994ED}.WasmDbg|x86.Build.0 = Debug|Any CPU
		{59A0FA1F-F2CF-4231-9070-6403637994ED}.WasmRel|x86.ActiveCfg = Release|Any CPU
		{59A0FA1F-F2CF-4231-9070-6403637994ED}.WasmRel|x86.Build.0 = Release|Any CPU
	EndGlobalSection
	GlobalSection(SolutionProperties) = preSolution
		HideSolutionNode = FALSE
	EndGlobalSection
	GlobalSection(NestedProjects) = preSolution
		{B3730487-D742-401C-9F29-BDCA72EF2603} = {C815AE17-93CA-4416-B7DD-3B252FB250D9}
		{AC4F5A41-D446-4265-B6C2-A22FFF35F360} = {C815AE17-93CA-4416-B7DD-3B252FB250D9}
		{ED9D8242-F782-45DA-ACF0-F3A8773BFA13} = {C815AE17-93CA-4416-B7DD-3B252FB250D9}
		{B119C8D8-F8BE-415D-8985-5DD8EE90780E} = {C815AE17-93CA-4416-B7DD-3B252FB250D9}
		{336C5232-B0DA-45D8-A371-9AA11BC7E93D} = {C815AE17-93CA-4416-B7DD-3B252FB250D9}
		{7123A522-D07F-4F81-88B0-5793F377E58C} = {C815AE17-93CA-4416-B7DD-3B252FB250D9}
		{EAF84C17-145C-4071-AAB0-7DDFDD08BDF1} = {127EA24E-740B-450C-A41A-1DDFDFCAB93D}
		{99071C45-5A7F-4B30-9101-477F06977B2B} = {127EA24E-740B-450C-A41A-1DDFDFCAB93D}
		{54C2A0C7-CC76-4809-94AE-4A534DD7B072} = {127EA24E-740B-450C-A41A-1DDFDFCAB93D}
		{0DB22D32-0E42-4A85-8BD1-C03A1DB61F08} = {2148F9E0-73B7-403F-9215-A052E5DD425B}
		{A4EBC14A-4F29-475A-B46B-7593590BFD95} = {2148F9E0-73B7-403F-9215-A052E5DD425B}
		{1F7C226E-22EB-4F45-89C7-ABD521178A21} = {1D7BCB48-855E-449E-8C14-64DA44882618}
		{EFE3748F-AC46-43DC-8C48-7A44B0E6093D} = {506F205A-EF62-43E2-A356-34B05EE0F832}
		{59A0FA1F-F2CF-4231-9070-6403637994ED} = {2148F9E0-73B7-403F-9215-A052E5DD425B}
	EndGlobalSection
	GlobalSection(ExtensibilityGlobals) = postSolution
		SolutionGuid = {399BD10A-768A-46D7-9748-E003EEBFF13C}
	EndGlobalSection
EndGlobal
