
Microsoft Visual Studio Solution File, Format Version 12.00
# Visual Studio 15
VisualStudioVersion = 15.0.28307.168
MinimumVisualStudioVersion = 10.0.40219.1
Project("{2150E333-8FDC-42A3-9474-1A3956D46DE8}") = "libs", "libs", "{C815AE17-93CA-4416-B7DD-3B252FB250D9}"
EndProject
Project("{8BC9CEB8-8B4A-11D0-8D11-00A0C91BC942}") = "cairo", "libs\projects\cairo\cairo.vcxproj", "{B3730487-D742-401C-9F29-BDCA72EF2603}"
EndProject
Project("{8BC9CEB8-8B4A-11D0-8D11-00A0C91BC942}") = "fontconfig", "libs\projects\fontconfig\fontconfig.vcxproj", "{AC4F5A41-D446-4265-B6C2-A22FFF35F360}"
EndProject
Project("{8BC9CEB8-8B4A-11D0-8D11-00A0C91BC942}") = "libexpat", "libs\projects\libexpat\libexpat.vcxproj", "{ED9D8242-F782-45DA-ACF0-F3A8773BFA13}"
EndProject
Project("{8BC9CEB8-8B4A-11D0-8D11-00A0C91BC942}") = "libgdiplus", "libs\projects\libgdiplus\libgdiplus.vcxproj", "{B119C8D8-F8BE-415D-8985-5DD8EE90780E}"
	ProjectSection(ProjectDependencies) = postProject
		{7123A522-D07F-4F81-88B0-5793F377E58C} = {7123A522-D07F-4F81-88B0-5793F377E58C}
		{AC4F5A41-D446-4265-B6C2-A22FFF35F360} = {AC4F5A41-D446-4265-B6C2-A22FFF35F360}
		{B3730487-D742-401C-9F29-BDCA72EF2603} = {B3730487-D742-401C-9F29-BDCA72EF2603}
	EndProjectSection
EndProject
Project("{8BC9CEB8-8B4A-11D0-8D11-00A0C91BC942}") = "pixman", "libs\projects\pixman\pixman.vcxproj", "{7123A522-D07F-4F81-88B0-5793F377E58C}"
EndProject
Project("{9A19103F-16F7-4668-BE54-9A1E7A4F7556}") = "System.Drawing.New", "winforms\System.Drawing.New\System.Drawing.New.csproj", "{EAF84C17-145C-4071-AAB0-7DDFDD08BDF1}"
EndProject
Project("{2150E333-8FDC-42A3-9474-1A3956D46DE8}") = "libWinforms", "libWinforms", "{127EA24E-740B-450C-A41A-1DDFDFCAB93D}"
EndProject
Project("{9A19103F-16F7-4668-BE54-9A1E7A4F7556}") = "WasmWinforms.Common", "winforms\Common\WasmWinforms.Common.csproj", "{99071C45-5A7F-4B30-9101-477F06977B2B}"
EndProject
Project("{9A19103F-16F7-4668-BE54-9A1E7A4F7556}") = "System.Windows.Forms", "winforms\src\System.Windows.Forms\System.Windows.Forms.csproj", "{54C2A0C7-CC76-4809-94AE-4A534DD7B072}"
EndProject
Project("{2150E333-8FDC-42A3-9474-1A3956D46DE8}") = "Samples", "Samples", "{2148F9E0-73B7-403F-9215-A052E5DD425B}"
	ProjectSection(SolutionItems) = preProject
		Samples\readme.md = Samples\readme.md
	EndProjectSection
EndProject
Project("{2150E333-8FDC-42A3-9474-1A3956D46DE8}") = "Solution Items", "Solution Items", "{B745C4B8-103C-4672-94EA-210C22C2C8EE}"
	ProjectSection(SolutionItems) = preProject
		.gitmodules = .gitmodules
		appveyor.yml = appveyor.yml
		Directory.Build.props = Directory.Build.props
		README.md = README.md
	EndProjectSection
EndProject
Project("{2150E333-8FDC-42A3-9474-1A3956D46DE8}") = "mono-wasm", "mono-wasm", "{1D7BCB48-855E-449E-8C14-64DA44882618}"
EndProject
Project("{8BC9CEB8-8B4A-11D0-8D11-00A0C91BC942}") = "mono-wasm", "mono-wasm\mono-wasm.vcxproj", "{1F7C226E-22EB-4F45-89C7-ABD521178A21}"
EndProject
Project("{2150E333-8FDC-42A3-9474-1A3956D46DE8}") = "buildTask", "buildTask", "{506F205A-EF62-43E2-A356-34B05EE0F832}"
EndProject
Project("{9A19103F-16F7-4668-BE54-9A1E7A4F7556}") = "Winforms.Wasm", "buildTask\Winforms.Wasm\Winforms.Wasm.csproj", "{F9E02EA9-601C-4D30-9081-337A66E0BF7F}"
	ProjectSection(ProjectDependencies) = postProject
		{1F7C226E-22EB-4F45-89C7-ABD521178A21} = {1F7C226E-22EB-4F45-89C7-ABD521178A21}
		{7096B5D9-24F3-48FA-944C-E687A279A28E} = {7096B5D9-24F3-48FA-944C-E687A279A28E}
	EndProjectSection
EndProject
Project("{9A19103F-16F7-4668-BE54-9A1E7A4F7556}") = "packager", "buildTask\packager\packager.csproj", "{7096B5D9-24F3-48FA-944C-E687A279A28E}"
	ProjectSection(ProjectDependencies) = postProject
		{1F7C226E-22EB-4F45-89C7-ABD521178A21} = {1F7C226E-22EB-4F45-89C7-ABD521178A21}
	EndProjectSection
EndProject
Project("{2150E333-8FDC-42A3-9474-1A3956D46DE8}") = "Scripts", "Scripts", "{34647627-6B40-40F7-9C8E-C3CCA0826F50}"
	ProjectSection(SolutionItems) = preProject
		Scripts\Appveyor.ps1 = Scripts\Appveyor.ps1
	EndProjectSection
EndProject
Project("{FAE04EC0-301F-11D3-BF4B-00C04F79EFBC}") = "WinFormSample-FullNet", "Samples\WinFormSample-FullNet\WinFormSample-FullNet.csproj", "{0DB22D32-0E42-4A85-8BD1-C03A1DB61F08}"
EndProject
Project("{9A19103F-16F7-4668-BE54-9A1E7A4F7556}") = "WinFormSample-NetCore", "Samples\WinFormSample-NetCore\WinFormSample-NetCore.csproj", "{7D3A9C74-D642-41FB-BEFE-1A0C99BA9AF7}"
EndProject
Project("{9A19103F-16F7-4668-BE54-9A1E7A4F7556}") = "WinFormSample-NetCoreNuget", "Samples\WinFormSample-NetCoreNuget\WinFormSample-NetCoreNuget.csproj", "{4635167B-42A1-49DC-B40A-69CB9EC96FAE}"
EndProject
Project("{FAE04EC0-301F-11D3-BF4B-00C04F79EFBC}") = "SimpleCalculator-FullNet", "Samples\SimpleCalculator-FullNet\SimpleCalculator-FullNet.csproj", "{75012876-22E6-4670-8828-31AE2A2B065D}"
EndProject
Project("{9A19103F-16F7-4668-BE54-9A1E7A4F7556}") = "SimpleCalculator-NetCore", "Samples\SimpleCalculator-NetCore\SimpleCalculator-NetCore.csproj", "{23726309-3DF7-45B9-B5D0-079D7B6335FB}"
EndProject
Project("{8BC9CEB8-8B4A-11D0-8D11-00A0C91BC942}") = "MWin", "libs\microwindows\src\contrib\ports\visualstudio\Microwindows\MWin\MWin.vcxproj", "{5A130BB4-73AA-47C4-844A-BE323DFF845A}"
EndProject
Project("{2150E333-8FDC-42A3-9474-1A3956D46DE8}") = "microwindows", "microwindows", "{9C833E04-7BD0-4B5E-86FB-784E09A77F72}"
	ProjectSection(SolutionItems) = preProject
		libs\microwindows\src\contrib\ports\visualstudio\Microwindows\Directory.Build.props = libs\microwindows\src\contrib\ports\visualstudio\Microwindows\Directory.Build.props
	EndProjectSection
EndProject
Project("{8BC9CEB8-8B4A-11D0-8D11-00A0C91BC942}") = "MWDrivers", "libs\microwindows\src\contrib\ports\visualstudio\Microwindows\mwdrivers\mwdrivers.vcxproj", "{EBF9534C-A5B5-4366-B097-83238855F836}"
EndProject
Project("{8BC9CEB8-8B4A-11D0-8D11-00A0C91BC942}") = "MWEngine", "libs\microwindows\src\contrib\ports\visualstudio\Microwindows\mwengine\mwengine.vcxproj", "{20F225BC-09B0-4B92-BF44-76B9D00E00BD}"
EndProject
Project("{8BC9CEB8-8B4A-11D0-8D11-00A0C91BC942}") = "MWFonts", "libs\microwindows\src\contrib\ports\visualstudio\Microwindows\mwfonts\mwfonts.vcxproj", "{6DAC951D-40FB-4B3A-8E21-D42A2399D75C}"
EndProject
Global
	GlobalSection(SolutionConfigurationPlatforms) = preSolution
		Debug|Any CPU = Debug|Any CPU
		Debug|x64 = Debug|x64
		Debug|x86 = Debug|x86
		Debug-SDL2|Any CPU = Debug-SDL2|Any CPU
		Debug-SDL2|x64 = Debug-SDL2|x64
		Debug-SDL2|x86 = Debug-SDL2|x86
		Release|Any CPU = Release|Any CPU
		Release|x64 = Release|x64
		Release|x86 = Release|x86
		WasmDbg|Any CPU = WasmDbg|Any CPU
		WasmDbg|x64 = WasmDbg|x64
		WasmDbg|x86 = WasmDbg|x86
		WasmRel|Any CPU = WasmRel|Any CPU
		WasmRel|x64 = WasmRel|x64
		WasmRel|x86 = WasmRel|x86
	EndGlobalSection
	GlobalSection(ProjectConfigurationPlatforms) = postSolution
		{B3730487-D742-401C-9F29-BDCA72EF2603}.Debug|Any CPU.ActiveCfg = Debug|Win32
		{B3730487-D742-401C-9F29-BDCA72EF2603}.Debug|x64.ActiveCfg = Debug|x64
		{B3730487-D742-401C-9F29-BDCA72EF2603}.Debug|x64.Build.0 = Debug|x64
		{B3730487-D742-401C-9F29-BDCA72EF2603}.Debug|x86.ActiveCfg = Debug|Win32
		{B3730487-D742-401C-9F29-BDCA72EF2603}.Debug|x86.Build.0 = Debug|Win32
		{B3730487-D742-401C-9F29-BDCA72EF2603}.Debug-SDL2|Any CPU.ActiveCfg = Release|x64
		{B3730487-D742-401C-9F29-BDCA72EF2603}.Debug-SDL2|Any CPU.Build.0 = Release|x64
		{B3730487-D742-401C-9F29-BDCA72EF2603}.Debug-SDL2|x64.ActiveCfg = Debug|x64
		{B3730487-D742-401C-9F29-BDCA72EF2603}.Debug-SDL2|x64.Build.0 = Debug|x64
		{B3730487-D742-401C-9F29-BDCA72EF2603}.Debug-SDL2|x86.ActiveCfg = Debug|Win32
		{B3730487-D742-401C-9F29-BDCA72EF2603}.Debug-SDL2|x86.Build.0 = Debug|Win32
		{B3730487-D742-401C-9F29-BDCA72EF2603}.Release|Any CPU.ActiveCfg = Release|Win32
		{B3730487-D742-401C-9F29-BDCA72EF2603}.Release|x64.ActiveCfg = Release|x64
		{B3730487-D742-401C-9F29-BDCA72EF2603}.Release|x64.Build.0 = Release|x64
		{B3730487-D742-401C-9F29-BDCA72EF2603}.Release|x86.ActiveCfg = Release|Win32
		{B3730487-D742-401C-9F29-BDCA72EF2603}.Release|x86.Build.0 = Release|Win32
		{B3730487-D742-401C-9F29-BDCA72EF2603}.WasmDbg|Any CPU.ActiveCfg = WasmDbg|Win32
		{B3730487-D742-401C-9F29-BDCA72EF2603}.WasmDbg|x64.ActiveCfg = WasmDbg|x64
		{B3730487-D742-401C-9F29-BDCA72EF2603}.WasmDbg|x64.Build.0 = WasmDbg|x64
		{B3730487-D742-401C-9F29-BDCA72EF2603}.WasmDbg|x86.ActiveCfg = WasmDbg|Win32
		{B3730487-D742-401C-9F29-BDCA72EF2603}.WasmDbg|x86.Build.0 = WasmDbg|Win32
		{B3730487-D742-401C-9F29-BDCA72EF2603}.WasmRel|Any CPU.ActiveCfg = WasmRel|Win32
		{B3730487-D742-401C-9F29-BDCA72EF2603}.WasmRel|x64.ActiveCfg = WasmRel|x64
		{B3730487-D742-401C-9F29-BDCA72EF2603}.WasmRel|x64.Build.0 = WasmRel|x64
		{B3730487-D742-401C-9F29-BDCA72EF2603}.WasmRel|x86.ActiveCfg = WasmRel|Win32
		{B3730487-D742-401C-9F29-BDCA72EF2603}.WasmRel|x86.Build.0 = WasmRel|Win32
		{AC4F5A41-D446-4265-B6C2-A22FFF35F360}.Debug|Any CPU.ActiveCfg = Debug|Win32
		{AC4F5A41-D446-4265-B6C2-A22FFF35F360}.Debug|x64.ActiveCfg = Debug|x64
		{AC4F5A41-D446-4265-B6C2-A22FFF35F360}.Debug|x64.Build.0 = Debug|x64
		{AC4F5A41-D446-4265-B6C2-A22FFF35F360}.Debug|x86.ActiveCfg = Debug|Win32
		{AC4F5A41-D446-4265-B6C2-A22FFF35F360}.Debug|x86.Build.0 = Debug|Win32
		{AC4F5A41-D446-4265-B6C2-A22FFF35F360}.Debug-SDL2|Any CPU.ActiveCfg = Release|x64
		{AC4F5A41-D446-4265-B6C2-A22FFF35F360}.Debug-SDL2|Any CPU.Build.0 = Release|x64
		{AC4F5A41-D446-4265-B6C2-A22FFF35F360}.Debug-SDL2|x64.ActiveCfg = Debug|x64
		{AC4F5A41-D446-4265-B6C2-A22FFF35F360}.Debug-SDL2|x64.Build.0 = Debug|x64
		{AC4F5A41-D446-4265-B6C2-A22FFF35F360}.Debug-SDL2|x86.ActiveCfg = Debug|Win32
		{AC4F5A41-D446-4265-B6C2-A22FFF35F360}.Debug-SDL2|x86.Build.0 = Debug|Win32
		{AC4F5A41-D446-4265-B6C2-A22FFF35F360}.Release|Any CPU.ActiveCfg = Release|Win32
		{AC4F5A41-D446-4265-B6C2-A22FFF35F360}.Release|x64.ActiveCfg = Release|x64
		{AC4F5A41-D446-4265-B6C2-A22FFF35F360}.Release|x64.Build.0 = Release|x64
		{AC4F5A41-D446-4265-B6C2-A22FFF35F360}.Release|x86.ActiveCfg = Release|Win32
		{AC4F5A41-D446-4265-B6C2-A22FFF35F360}.Release|x86.Build.0 = Release|Win32
		{AC4F5A41-D446-4265-B6C2-A22FFF35F360}.WasmDbg|Any CPU.ActiveCfg = WasmDbg|Win32
		{AC4F5A41-D446-4265-B6C2-A22FFF35F360}.WasmDbg|x64.ActiveCfg = WasmDbg|x64
		{AC4F5A41-D446-4265-B6C2-A22FFF35F360}.WasmDbg|x64.Build.0 = WasmDbg|x64
		{AC4F5A41-D446-4265-B6C2-A22FFF35F360}.WasmDbg|x86.ActiveCfg = WasmDbg|Win32
		{AC4F5A41-D446-4265-B6C2-A22FFF35F360}.WasmDbg|x86.Build.0 = WasmDbg|Win32
		{AC4F5A41-D446-4265-B6C2-A22FFF35F360}.WasmRel|Any CPU.ActiveCfg = WasmRel|Win32
		{AC4F5A41-D446-4265-B6C2-A22FFF35F360}.WasmRel|x64.ActiveCfg = WasmRel|x64
		{AC4F5A41-D446-4265-B6C2-A22FFF35F360}.WasmRel|x64.Build.0 = WasmRel|x64
		{AC4F5A41-D446-4265-B6C2-A22FFF35F360}.WasmRel|x86.ActiveCfg = WasmRel|Win32
		{AC4F5A41-D446-4265-B6C2-A22FFF35F360}.WasmRel|x86.Build.0 = WasmRel|Win32
		{ED9D8242-F782-45DA-ACF0-F3A8773BFA13}.Debug|Any CPU.ActiveCfg = Debug|Win32
		{ED9D8242-F782-45DA-ACF0-F3A8773BFA13}.Debug|x64.ActiveCfg = Debug|x64
		{ED9D8242-F782-45DA-ACF0-F3A8773BFA13}.Debug|x64.Build.0 = Debug|x64
		{ED9D8242-F782-45DA-ACF0-F3A8773BFA13}.Debug|x86.ActiveCfg = Debug|Win32
		{ED9D8242-F782-45DA-ACF0-F3A8773BFA13}.Debug|x86.Build.0 = Debug|Win32
		{ED9D8242-F782-45DA-ACF0-F3A8773BFA13}.Debug-SDL2|Any CPU.ActiveCfg = Release|x64
		{ED9D8242-F782-45DA-ACF0-F3A8773BFA13}.Debug-SDL2|Any CPU.Build.0 = Release|x64
		{ED9D8242-F782-45DA-ACF0-F3A8773BFA13}.Debug-SDL2|x64.ActiveCfg = Debug|x64
		{ED9D8242-F782-45DA-ACF0-F3A8773BFA13}.Debug-SDL2|x64.Build.0 = Debug|x64
		{ED9D8242-F782-45DA-ACF0-F3A8773BFA13}.Debug-SDL2|x86.ActiveCfg = Debug|Win32
		{ED9D8242-F782-45DA-ACF0-F3A8773BFA13}.Debug-SDL2|x86.Build.0 = Debug|Win32
		{ED9D8242-F782-45DA-ACF0-F3A8773BFA13}.Release|Any CPU.ActiveCfg = Release|Win32
		{ED9D8242-F782-45DA-ACF0-F3A8773BFA13}.Release|x64.ActiveCfg = Release|x64
		{ED9D8242-F782-45DA-ACF0-F3A8773BFA13}.Release|x64.Build.0 = Release|x64
		{ED9D8242-F782-45DA-ACF0-F3A8773BFA13}.Release|x86.ActiveCfg = Release|Win32
		{ED9D8242-F782-45DA-ACF0-F3A8773BFA13}.Release|x86.Build.0 = Release|Win32
		{ED9D8242-F782-45DA-ACF0-F3A8773BFA13}.WasmDbg|Any CPU.ActiveCfg = WasmDbg|Win32
		{ED9D8242-F782-45DA-ACF0-F3A8773BFA13}.WasmDbg|x64.ActiveCfg = WasmDbg|x64
		{ED9D8242-F782-45DA-ACF0-F3A8773BFA13}.WasmDbg|x64.Build.0 = WasmDbg|x64
		{ED9D8242-F782-45DA-ACF0-F3A8773BFA13}.WasmDbg|x86.ActiveCfg = WasmDbg|Win32
		{ED9D8242-F782-45DA-ACF0-F3A8773BFA13}.WasmDbg|x86.Build.0 = WasmDbg|Win32
		{ED9D8242-F782-45DA-ACF0-F3A8773BFA13}.WasmRel|Any CPU.ActiveCfg = WasmRel|Win32
		{ED9D8242-F782-45DA-ACF0-F3A8773BFA13}.WasmRel|x64.ActiveCfg = WasmRel|x64
		{ED9D8242-F782-45DA-ACF0-F3A8773BFA13}.WasmRel|x64.Build.0 = WasmRel|x64
		{ED9D8242-F782-45DA-ACF0-F3A8773BFA13}.WasmRel|x86.ActiveCfg = WasmRel|Win32
		{ED9D8242-F782-45DA-ACF0-F3A8773BFA13}.WasmRel|x86.Build.0 = WasmRel|Win32
		{B119C8D8-F8BE-415D-8985-5DD8EE90780E}.Debug|Any CPU.ActiveCfg = Debug|Win32
		{B119C8D8-F8BE-415D-8985-5DD8EE90780E}.Debug|x64.ActiveCfg = Debug|x64
		{B119C8D8-F8BE-415D-8985-5DD8EE90780E}.Debug|x64.Build.0 = Debug|x64
		{B119C8D8-F8BE-415D-8985-5DD8EE90780E}.Debug|x86.ActiveCfg = Debug|Win32
		{B119C8D8-F8BE-415D-8985-5DD8EE90780E}.Debug|x86.Build.0 = Debug|Win32
		{B119C8D8-F8BE-415D-8985-5DD8EE90780E}.Debug-SDL2|Any CPU.ActiveCfg = Release|x64
		{B119C8D8-F8BE-415D-8985-5DD8EE90780E}.Debug-SDL2|Any CPU.Build.0 = Release|x64
		{B119C8D8-F8BE-415D-8985-5DD8EE90780E}.Debug-SDL2|x64.ActiveCfg = Debug|x64
		{B119C8D8-F8BE-415D-8985-5DD8EE90780E}.Debug-SDL2|x64.Build.0 = Debug|x64
		{B119C8D8-F8BE-415D-8985-5DD8EE90780E}.Debug-SDL2|x86.ActiveCfg = Debug|Win32
		{B119C8D8-F8BE-415D-8985-5DD8EE90780E}.Debug-SDL2|x86.Build.0 = Debug|Win32
		{B119C8D8-F8BE-415D-8985-5DD8EE90780E}.Release|Any CPU.ActiveCfg = Release|Win32
		{B119C8D8-F8BE-415D-8985-5DD8EE90780E}.Release|x64.ActiveCfg = Release|x64
		{B119C8D8-F8BE-415D-8985-5DD8EE90780E}.Release|x64.Build.0 = Release|x64
		{B119C8D8-F8BE-415D-8985-5DD8EE90780E}.Release|x86.ActiveCfg = Release|Win32
		{B119C8D8-F8BE-415D-8985-5DD8EE90780E}.Release|x86.Build.0 = Release|Win32
		{B119C8D8-F8BE-415D-8985-5DD8EE90780E}.WasmDbg|Any CPU.ActiveCfg = WasmDbg|Win32
		{B119C8D8-F8BE-415D-8985-5DD8EE90780E}.WasmDbg|x64.ActiveCfg = WasmDbg|x64
		{B119C8D8-F8BE-415D-8985-5DD8EE90780E}.WasmDbg|x64.Build.0 = WasmDbg|x64
		{B119C8D8-F8BE-415D-8985-5DD8EE90780E}.WasmDbg|x86.ActiveCfg = WasmDbg|Win32
		{B119C8D8-F8BE-415D-8985-5DD8EE90780E}.WasmDbg|x86.Build.0 = WasmDbg|Win32
		{B119C8D8-F8BE-415D-8985-5DD8EE90780E}.WasmRel|Any CPU.ActiveCfg = WasmRel|Win32
		{B119C8D8-F8BE-415D-8985-5DD8EE90780E}.WasmRel|x64.ActiveCfg = WasmRel|x64
		{B119C8D8-F8BE-415D-8985-5DD8EE90780E}.WasmRel|x64.Build.0 = WasmRel|x64
		{B119C8D8-F8BE-415D-8985-5DD8EE90780E}.WasmRel|x86.ActiveCfg = WasmRel|Win32
		{B119C8D8-F8BE-415D-8985-5DD8EE90780E}.WasmRel|x86.Build.0 = WasmRel|Win32
		{7123A522-D07F-4F81-88B0-5793F377E58C}.Debug|Any CPU.ActiveCfg = Debug|Win32
		{7123A522-D07F-4F81-88B0-5793F377E58C}.Debug|x64.ActiveCfg = Debug|x64
		{7123A522-D07F-4F81-88B0-5793F377E58C}.Debug|x64.Build.0 = Debug|x64
		{7123A522-D07F-4F81-88B0-5793F377E58C}.Debug|x86.ActiveCfg = Debug|Win32
		{7123A522-D07F-4F81-88B0-5793F377E58C}.Debug|x86.Build.0 = Debug|Win32
		{7123A522-D07F-4F81-88B0-5793F377E58C}.Debug-SDL2|Any CPU.ActiveCfg = Release|x64
		{7123A522-D07F-4F81-88B0-5793F377E58C}.Debug-SDL2|Any CPU.Build.0 = Release|x64
		{7123A522-D07F-4F81-88B0-5793F377E58C}.Debug-SDL2|x64.ActiveCfg = Debug|x64
		{7123A522-D07F-4F81-88B0-5793F377E58C}.Debug-SDL2|x64.Build.0 = Debug|x64
		{7123A522-D07F-4F81-88B0-5793F377E58C}.Debug-SDL2|x86.ActiveCfg = Debug|Win32
		{7123A522-D07F-4F81-88B0-5793F377E58C}.Debug-SDL2|x86.Build.0 = Debug|Win32
		{7123A522-D07F-4F81-88B0-5793F377E58C}.Release|Any CPU.ActiveCfg = Release|Win32
		{7123A522-D07F-4F81-88B0-5793F377E58C}.Release|x64.ActiveCfg = Release|x64
		{7123A522-D07F-4F81-88B0-5793F377E58C}.Release|x64.Build.0 = Release|x64
		{7123A522-D07F-4F81-88B0-5793F377E58C}.Release|x86.ActiveCfg = Release|Win32
		{7123A522-D07F-4F81-88B0-5793F377E58C}.Release|x86.Build.0 = Release|Win32
		{7123A522-D07F-4F81-88B0-5793F377E58C}.WasmDbg|Any CPU.ActiveCfg = WasmDbg|Win32
		{7123A522-D07F-4F81-88B0-5793F377E58C}.WasmDbg|x64.ActiveCfg = WasmDbg|x64
		{7123A522-D07F-4F81-88B0-5793F377E58C}.WasmDbg|x64.Build.0 = WasmDbg|x64
		{7123A522-D07F-4F81-88B0-5793F377E58C}.WasmDbg|x86.ActiveCfg = WasmDbg|Win32
		{7123A522-D07F-4F81-88B0-5793F377E58C}.WasmDbg|x86.Build.0 = WasmDbg|Win32
		{7123A522-D07F-4F81-88B0-5793F377E58C}.WasmRel|Any CPU.ActiveCfg = WasmRel|Win32
		{7123A522-D07F-4F81-88B0-5793F377E58C}.WasmRel|x64.ActiveCfg = WasmRel|x64
		{7123A522-D07F-4F81-88B0-5793F377E58C}.WasmRel|x64.Build.0 = WasmRel|x64
		{7123A522-D07F-4F81-88B0-5793F377E58C}.WasmRel|x86.ActiveCfg = WasmRel|Win32
		{7123A522-D07F-4F81-88B0-5793F377E58C}.WasmRel|x86.Build.0 = WasmRel|Win32
		{EAF84C17-145C-4071-AAB0-7DDFDD08BDF1}.Debug|Any CPU.ActiveCfg = Debug|Any CPU
		{EAF84C17-145C-4071-AAB0-7DDFDD08BDF1}.Debug|Any CPU.Build.0 = Debug|Any CPU
		{EAF84C17-145C-4071-AAB0-7DDFDD08BDF1}.Debug|x64.ActiveCfg = Debug|x64
		{EAF84C17-145C-4071-AAB0-7DDFDD08BDF1}.Debug|x64.Build.0 = Debug|x64
		{EAF84C17-145C-4071-AAB0-7DDFDD08BDF1}.Debug|x86.ActiveCfg = Debug|x86
		{EAF84C17-145C-4071-AAB0-7DDFDD08BDF1}.Debug|x86.Build.0 = Debug|x86
		{EAF84C17-145C-4071-AAB0-7DDFDD08BDF1}.Debug-SDL2|Any CPU.ActiveCfg = Debug|Any CPU
		{EAF84C17-145C-4071-AAB0-7DDFDD08BDF1}.Debug-SDL2|Any CPU.Build.0 = Debug|Any CPU
		{EAF84C17-145C-4071-AAB0-7DDFDD08BDF1}.Debug-SDL2|x64.ActiveCfg = Debug|x64
		{EAF84C17-145C-4071-AAB0-7DDFDD08BDF1}.Debug-SDL2|x64.Build.0 = Debug|x64
		{EAF84C17-145C-4071-AAB0-7DDFDD08BDF1}.Debug-SDL2|x86.ActiveCfg = Debug|x86
		{EAF84C17-145C-4071-AAB0-7DDFDD08BDF1}.Debug-SDL2|x86.Build.0 = Debug|x86
		{EAF84C17-145C-4071-AAB0-7DDFDD08BDF1}.Release|Any CPU.ActiveCfg = Release|Any CPU
		{EAF84C17-145C-4071-AAB0-7DDFDD08BDF1}.Release|Any CPU.Build.0 = Release|Any CPU
		{EAF84C17-145C-4071-AAB0-7DDFDD08BDF1}.Release|x64.ActiveCfg = Release|x64
		{EAF84C17-145C-4071-AAB0-7DDFDD08BDF1}.Release|x64.Build.0 = Release|x64
		{EAF84C17-145C-4071-AAB0-7DDFDD08BDF1}.Release|x86.ActiveCfg = Release|x86
		{EAF84C17-145C-4071-AAB0-7DDFDD08BDF1}.Release|x86.Build.0 = Release|x86
		{EAF84C17-145C-4071-AAB0-7DDFDD08BDF1}.WasmDbg|Any CPU.ActiveCfg = Debug|Any CPU
		{EAF84C17-145C-4071-AAB0-7DDFDD08BDF1}.WasmDbg|Any CPU.Build.0 = Debug|Any CPU
		{EAF84C17-145C-4071-AAB0-7DDFDD08BDF1}.WasmDbg|x64.ActiveCfg = Release|x64
		{EAF84C17-145C-4071-AAB0-7DDFDD08BDF1}.WasmDbg|x64.Build.0 = Release|x64
		{EAF84C17-145C-4071-AAB0-7DDFDD08BDF1}.WasmDbg|x86.ActiveCfg = Debug|x86
		{EAF84C17-145C-4071-AAB0-7DDFDD08BDF1}.WasmRel|Any CPU.ActiveCfg = Debug|Any CPU
		{EAF84C17-145C-4071-AAB0-7DDFDD08BDF1}.WasmRel|Any CPU.Build.0 = Debug|Any CPU
		{EAF84C17-145C-4071-AAB0-7DDFDD08BDF1}.WasmRel|x64.ActiveCfg = Release|x64
		{EAF84C17-145C-4071-AAB0-7DDFDD08BDF1}.WasmRel|x64.Build.0 = Release|x64
		{EAF84C17-145C-4071-AAB0-7DDFDD08BDF1}.WasmRel|x86.ActiveCfg = Release|x86
		{99071C45-5A7F-4B30-9101-477F06977B2B}.Debug|Any CPU.ActiveCfg = Debug|Any CPU
		{99071C45-5A7F-4B30-9101-477F06977B2B}.Debug|Any CPU.Build.0 = Debug|Any CPU
		{99071C45-5A7F-4B30-9101-477F06977B2B}.Debug|x64.ActiveCfg = Debug|x64
		{99071C45-5A7F-4B30-9101-477F06977B2B}.Debug|x64.Build.0 = Debug|x64
		{99071C45-5A7F-4B30-9101-477F06977B2B}.Debug|x86.ActiveCfg = Debug|x86
		{99071C45-5A7F-4B30-9101-477F06977B2B}.Debug|x86.Build.0 = Debug|x86
		{99071C45-5A7F-4B30-9101-477F06977B2B}.Debug-SDL2|Any CPU.ActiveCfg = Debug|Any CPU
		{99071C45-5A7F-4B30-9101-477F06977B2B}.Debug-SDL2|Any CPU.Build.0 = Debug|Any CPU
		{99071C45-5A7F-4B30-9101-477F06977B2B}.Debug-SDL2|x64.ActiveCfg = Debug|x64
		{99071C45-5A7F-4B30-9101-477F06977B2B}.Debug-SDL2|x64.Build.0 = Debug|x64
		{99071C45-5A7F-4B30-9101-477F06977B2B}.Debug-SDL2|x86.ActiveCfg = Debug|x86
		{99071C45-5A7F-4B30-9101-477F06977B2B}.Debug-SDL2|x86.Build.0 = Debug|x86
		{99071C45-5A7F-4B30-9101-477F06977B2B}.Release|Any CPU.ActiveCfg = Release|Any CPU
		{99071C45-5A7F-4B30-9101-477F06977B2B}.Release|Any CPU.Build.0 = Release|Any CPU
		{99071C45-5A7F-4B30-9101-477F06977B2B}.Release|x64.ActiveCfg = Release|x64
		{99071C45-5A7F-4B30-9101-477F06977B2B}.Release|x64.Build.0 = Release|x64
		{99071C45-5A7F-4B30-9101-477F06977B2B}.Release|x86.ActiveCfg = Release|x86
		{99071C45-5A7F-4B30-9101-477F06977B2B}.Release|x86.Build.0 = Release|x86
		{99071C45-5A7F-4B30-9101-477F06977B2B}.WasmDbg|Any CPU.ActiveCfg = Debug|Any CPU
		{99071C45-5A7F-4B30-9101-477F06977B2B}.WasmDbg|Any CPU.Build.0 = Debug|Any CPU
		{99071C45-5A7F-4B30-9101-477F06977B2B}.WasmDbg|x64.ActiveCfg = Release|x64
		{99071C45-5A7F-4B30-9101-477F06977B2B}.WasmDbg|x64.Build.0 = Release|x64
		{99071C45-5A7F-4B30-9101-477F06977B2B}.WasmDbg|x86.ActiveCfg = Release|x86
		{99071C45-5A7F-4B30-9101-477F06977B2B}.WasmRel|Any CPU.ActiveCfg = Debug|Any CPU
		{99071C45-5A7F-4B30-9101-477F06977B2B}.WasmRel|Any CPU.Build.0 = Debug|Any CPU
		{99071C45-5A7F-4B30-9101-477F06977B2B}.WasmRel|x64.ActiveCfg = Release|x64
		{99071C45-5A7F-4B30-9101-477F06977B2B}.WasmRel|x64.Build.0 = Release|x64
		{99071C45-5A7F-4B30-9101-477F06977B2B}.WasmRel|x86.ActiveCfg = Release|x86
		{54C2A0C7-CC76-4809-94AE-4A534DD7B072}.Debug|Any CPU.ActiveCfg = Debug|Any CPU
		{54C2A0C7-CC76-4809-94AE-4A534DD7B072}.Debug|Any CPU.Build.0 = Debug|Any CPU
		{54C2A0C7-CC76-4809-94AE-4A534DD7B072}.Debug|x64.ActiveCfg = Debug|x64
		{54C2A0C7-CC76-4809-94AE-4A534DD7B072}.Debug|x64.Build.0 = Debug|x64
		{54C2A0C7-CC76-4809-94AE-4A534DD7B072}.Debug|x86.ActiveCfg = Debug|x86
		{54C2A0C7-CC76-4809-94AE-4A534DD7B072}.Debug|x86.Build.0 = Debug|x86
		{54C2A0C7-CC76-4809-94AE-4A534DD7B072}.Debug-SDL2|Any CPU.ActiveCfg = Debug|Any CPU
		{54C2A0C7-CC76-4809-94AE-4A534DD7B072}.Debug-SDL2|Any CPU.Build.0 = Debug|Any CPU
		{54C2A0C7-CC76-4809-94AE-4A534DD7B072}.Debug-SDL2|x64.ActiveCfg = Debug|x64
		{54C2A0C7-CC76-4809-94AE-4A534DD7B072}.Debug-SDL2|x64.Build.0 = Debug|x64
		{54C2A0C7-CC76-4809-94AE-4A534DD7B072}.Debug-SDL2|x86.ActiveCfg = Debug|x86
		{54C2A0C7-CC76-4809-94AE-4A534DD7B072}.Debug-SDL2|x86.Build.0 = Debug|x86
		{54C2A0C7-CC76-4809-94AE-4A534DD7B072}.Release|Any CPU.ActiveCfg = Release|Any CPU
		{54C2A0C7-CC76-4809-94AE-4A534DD7B072}.Release|Any CPU.Build.0 = Release|Any CPU
		{54C2A0C7-CC76-4809-94AE-4A534DD7B072}.Release|x64.ActiveCfg = Release|x64
		{54C2A0C7-CC76-4809-94AE-4A534DD7B072}.Release|x64.Build.0 = Release|x64
		{54C2A0C7-CC76-4809-94AE-4A534DD7B072}.Release|x86.ActiveCfg = Release|x86
		{54C2A0C7-CC76-4809-94AE-4A534DD7B072}.Release|x86.Build.0 = Release|x86
		{54C2A0C7-CC76-4809-94AE-4A534DD7B072}.WasmDbg|Any CPU.ActiveCfg = Debug|Any CPU
		{54C2A0C7-CC76-4809-94AE-4A534DD7B072}.WasmDbg|Any CPU.Build.0 = Debug|Any CPU
		{54C2A0C7-CC76-4809-94AE-4A534DD7B072}.WasmDbg|x64.ActiveCfg = Release|x64
		{54C2A0C7-CC76-4809-94AE-4A534DD7B072}.WasmDbg|x64.Build.0 = Release|x64
		{54C2A0C7-CC76-4809-94AE-4A534DD7B072}.WasmDbg|x86.ActiveCfg = Debug|x86
		{54C2A0C7-CC76-4809-94AE-4A534DD7B072}.WasmDbg|x86.Build.0 = Debug|x86
		{54C2A0C7-CC76-4809-94AE-4A534DD7B072}.WasmRel|Any CPU.ActiveCfg = Debug|Any CPU
		{54C2A0C7-CC76-4809-94AE-4A534DD7B072}.WasmRel|Any CPU.Build.0 = Debug|Any CPU
		{54C2A0C7-CC76-4809-94AE-4A534DD7B072}.WasmRel|x64.ActiveCfg = Release|x64
		{54C2A0C7-CC76-4809-94AE-4A534DD7B072}.WasmRel|x64.Build.0 = Release|x64
		{54C2A0C7-CC76-4809-94AE-4A534DD7B072}.WasmRel|x86.ActiveCfg = Release|x86
		{1F7C226E-22EB-4F45-89C7-ABD521178A21}.Debug|Any CPU.ActiveCfg = WasmRel|Win32
		{1F7C226E-22EB-4F45-89C7-ABD521178A21}.Debug|Any CPU.Build.0 = WasmRel|Win32
		{1F7C226E-22EB-4F45-89C7-ABD521178A21}.Debug|x64.ActiveCfg = WasmDbg|Win32
		{1F7C226E-22EB-4F45-89C7-ABD521178A21}.Debug|x64.Build.0 = WasmDbg|Win32
		{1F7C226E-22EB-4F45-89C7-ABD521178A21}.Debug|x86.ActiveCfg = WasmDbg|Win32
		{1F7C226E-22EB-4F45-89C7-ABD521178A21}.Debug-SDL2|Any CPU.ActiveCfg = WasmDbg|Win32
		{1F7C226E-22EB-4F45-89C7-ABD521178A21}.Debug-SDL2|Any CPU.Build.0 = WasmDbg|Win32
		{1F7C226E-22EB-4F45-89C7-ABD521178A21}.Debug-SDL2|x64.ActiveCfg = WasmDbg|Win32
		{1F7C226E-22EB-4F45-89C7-ABD521178A21}.Debug-SDL2|x64.Build.0 = WasmDbg|Win32
		{1F7C226E-22EB-4F45-89C7-ABD521178A21}.Debug-SDL2|x86.ActiveCfg = WasmDbg|Win32
		{1F7C226E-22EB-4F45-89C7-ABD521178A21}.Debug-SDL2|x86.Build.0 = WasmDbg|Win32
		{1F7C226E-22EB-4F45-89C7-ABD521178A21}.Release|Any CPU.ActiveCfg = WasmRel|Win32
		{1F7C226E-22EB-4F45-89C7-ABD521178A21}.Release|Any CPU.Build.0 = WasmRel|Win32
		{1F7C226E-22EB-4F45-89C7-ABD521178A21}.Release|x64.ActiveCfg = WasmDbg|Win32
		{1F7C226E-22EB-4F45-89C7-ABD521178A21}.Release|x64.Build.0 = WasmDbg|Win32
		{1F7C226E-22EB-4F45-89C7-ABD521178A21}.Release|x86.ActiveCfg = WasmRel|Win32
		{1F7C226E-22EB-4F45-89C7-ABD521178A21}.WasmDbg|Any CPU.ActiveCfg = WasmDbg|Win32
		{1F7C226E-22EB-4F45-89C7-ABD521178A21}.WasmDbg|x64.ActiveCfg = WasmDbg|Win32
		{1F7C226E-22EB-4F45-89C7-ABD521178A21}.WasmDbg|x86.ActiveCfg = WasmDbg|Win32
		{1F7C226E-22EB-4F45-89C7-ABD521178A21}.WasmDbg|x86.Build.0 = WasmDbg|Win32
		{1F7C226E-22EB-4F45-89C7-ABD521178A21}.WasmRel|Any CPU.ActiveCfg = WasmRel|Win32
		{1F7C226E-22EB-4F45-89C7-ABD521178A21}.WasmRel|x64.ActiveCfg = WasmRel|Win32
		{1F7C226E-22EB-4F45-89C7-ABD521178A21}.WasmRel|x86.ActiveCfg = WasmRel|Win32
		{1F7C226E-22EB-4F45-89C7-ABD521178A21}.WasmRel|x86.Build.0 = WasmRel|Win32
		{F9E02EA9-601C-4D30-9081-337A66E0BF7F}.Debug|Any CPU.ActiveCfg = Debug|Any CPU
		{F9E02EA9-601C-4D30-9081-337A66E0BF7F}.Debug|Any CPU.Build.0 = Debug|Any CPU
		{F9E02EA9-601C-4D30-9081-337A66E0BF7F}.Debug|x64.ActiveCfg = Debug|Any CPU
		{F9E02EA9-601C-4D30-9081-337A66E0BF7F}.Debug|x64.Build.0 = Debug|Any CPU
		{F9E02EA9-601C-4D30-9081-337A66E0BF7F}.Debug|x86.ActiveCfg = Debug|Any CPU
		{F9E02EA9-601C-4D30-9081-337A66E0BF7F}.Debug|x86.Build.0 = Debug|Any CPU
		{F9E02EA9-601C-4D30-9081-337A66E0BF7F}.Debug-SDL2|Any CPU.ActiveCfg = Debug|Any CPU
		{F9E02EA9-601C-4D30-9081-337A66E0BF7F}.Debug-SDL2|Any CPU.Build.0 = Debug|Any CPU
		{F9E02EA9-601C-4D30-9081-337A66E0BF7F}.Debug-SDL2|x64.ActiveCfg = Debug|Any CPU
		{F9E02EA9-601C-4D30-9081-337A66E0BF7F}.Debug-SDL2|x64.Build.0 = Debug|Any CPU
		{F9E02EA9-601C-4D30-9081-337A66E0BF7F}.Debug-SDL2|x86.ActiveCfg = Debug|Any CPU
		{F9E02EA9-601C-4D30-9081-337A66E0BF7F}.Debug-SDL2|x86.Build.0 = Debug|Any CPU
		{F9E02EA9-601C-4D30-9081-337A66E0BF7F}.Release|Any CPU.ActiveCfg = Release|Any CPU
		{F9E02EA9-601C-4D30-9081-337A66E0BF7F}.Release|Any CPU.Build.0 = Release|Any CPU
		{F9E02EA9-601C-4D30-9081-337A66E0BF7F}.Release|x64.ActiveCfg = Release|Any CPU
		{F9E02EA9-601C-4D30-9081-337A66E0BF7F}.Release|x64.Build.0 = Release|Any CPU
		{F9E02EA9-601C-4D30-9081-337A66E0BF7F}.Release|x86.ActiveCfg = Release|Any CPU
		{F9E02EA9-601C-4D30-9081-337A66E0BF7F}.Release|x86.Build.0 = Release|Any CPU
		{F9E02EA9-601C-4D30-9081-337A66E0BF7F}.WasmDbg|Any CPU.ActiveCfg = Debug|Any CPU
		{F9E02EA9-601C-4D30-9081-337A66E0BF7F}.WasmDbg|Any CPU.Build.0 = Debug|Any CPU
		{F9E02EA9-601C-4D30-9081-337A66E0BF7F}.WasmDbg|x64.ActiveCfg = Release|Any CPU
		{F9E02EA9-601C-4D30-9081-337A66E0BF7F}.WasmDbg|x64.Build.0 = Release|Any CPU
		{F9E02EA9-601C-4D30-9081-337A66E0BF7F}.WasmDbg|x86.ActiveCfg = Debug|Any CPU
		{F9E02EA9-601C-4D30-9081-337A66E0BF7F}.WasmRel|Any CPU.ActiveCfg = Debug|Any CPU
		{F9E02EA9-601C-4D30-9081-337A66E0BF7F}.WasmRel|Any CPU.Build.0 = Debug|Any CPU
		{F9E02EA9-601C-4D30-9081-337A66E0BF7F}.WasmRel|x64.ActiveCfg = Release|Any CPU
		{F9E02EA9-601C-4D30-9081-337A66E0BF7F}.WasmRel|x64.Build.0 = Release|Any CPU
		{F9E02EA9-601C-4D30-9081-337A66E0BF7F}.WasmRel|x86.ActiveCfg = Release|Any CPU
		{7096B5D9-24F3-48FA-944C-E687A279A28E}.Debug|Any CPU.ActiveCfg = Debug|Any CPU
		{7096B5D9-24F3-48FA-944C-E687A279A28E}.Debug|Any CPU.Build.0 = Debug|Any CPU
		{7096B5D9-24F3-48FA-944C-E687A279A28E}.Debug|x64.ActiveCfg = Debug|Any CPU
		{7096B5D9-24F3-48FA-944C-E687A279A28E}.Debug|x64.Build.0 = Debug|Any CPU
		{7096B5D9-24F3-48FA-944C-E687A279A28E}.Debug|x86.ActiveCfg = Debug|Any CPU
		{7096B5D9-24F3-48FA-944C-E687A279A28E}.Debug|x86.Build.0 = Debug|Any CPU
		{7096B5D9-24F3-48FA-944C-E687A279A28E}.Debug-SDL2|Any CPU.ActiveCfg = Debug|Any CPU
		{7096B5D9-24F3-48FA-944C-E687A279A28E}.Debug-SDL2|Any CPU.Build.0 = Debug|Any CPU
		{7096B5D9-24F3-48FA-944C-E687A279A28E}.Debug-SDL2|x64.ActiveCfg = Debug|Any CPU
		{7096B5D9-24F3-48FA-944C-E687A279A28E}.Debug-SDL2|x64.Build.0 = Debug|Any CPU
		{7096B5D9-24F3-48FA-944C-E687A279A28E}.Debug-SDL2|x86.ActiveCfg = Debug|Any CPU
		{7096B5D9-24F3-48FA-944C-E687A279A28E}.Debug-SDL2|x86.Build.0 = Debug|Any CPU
		{7096B5D9-24F3-48FA-944C-E687A279A28E}.Release|Any CPU.ActiveCfg = Release|Any CPU
		{7096B5D9-24F3-48FA-944C-E687A279A28E}.Release|Any CPU.Build.0 = Release|Any CPU
		{7096B5D9-24F3-48FA-944C-E687A279A28E}.Release|x64.ActiveCfg = Release|Any CPU
		{7096B5D9-24F3-48FA-944C-E687A279A28E}.Release|x64.Build.0 = Release|Any CPU
		{7096B5D9-24F3-48FA-944C-E687A279A28E}.Release|x86.ActiveCfg = Release|Any CPU
		{7096B5D9-24F3-48FA-944C-E687A279A28E}.Release|x86.Build.0 = Release|Any CPU
		{7096B5D9-24F3-48FA-944C-E687A279A28E}.WasmDbg|Any CPU.ActiveCfg = Debug|Any CPU
		{7096B5D9-24F3-48FA-944C-E687A279A28E}.WasmDbg|Any CPU.Build.0 = Debug|Any CPU
		{7096B5D9-24F3-48FA-944C-E687A279A28E}.WasmDbg|x64.ActiveCfg = Release|Any CPU
		{7096B5D9-24F3-48FA-944C-E687A279A28E}.WasmDbg|x64.Build.0 = Release|Any CPU
		{7096B5D9-24F3-48FA-944C-E687A279A28E}.WasmDbg|x86.ActiveCfg = Debug|Any CPU
		{7096B5D9-24F3-48FA-944C-E687A279A28E}.WasmDbg|x86.Build.0 = Debug|Any CPU
		{7096B5D9-24F3-48FA-944C-E687A279A28E}.WasmRel|Any CPU.ActiveCfg = Debug|Any CPU
		{7096B5D9-24F3-48FA-944C-E687A279A28E}.WasmRel|Any CPU.Build.0 = Debug|Any CPU
		{7096B5D9-24F3-48FA-944C-E687A279A28E}.WasmRel|x64.ActiveCfg = Release|Any CPU
		{7096B5D9-24F3-48FA-944C-E687A279A28E}.WasmRel|x64.Build.0 = Release|Any CPU
		{7096B5D9-24F3-48FA-944C-E687A279A28E}.WasmRel|x86.ActiveCfg = Debug|Any CPU
		{0DB22D32-0E42-4A85-8BD1-C03A1DB61F08}.Debug|Any CPU.ActiveCfg = Debug|Any CPU
		{0DB22D32-0E42-4A85-8BD1-C03A1DB61F08}.Debug|Any CPU.Build.0 = Debug|Any CPU
		{0DB22D32-0E42-4A85-8BD1-C03A1DB61F08}.Debug|x64.ActiveCfg = Debug|Any CPU
		{0DB22D32-0E42-4A85-8BD1-C03A1DB61F08}.Debug|x64.Build.0 = Debug|Any CPU
		{0DB22D32-0E42-4A85-8BD1-C03A1DB61F08}.Debug|x86.ActiveCfg = Debug|Win32
		{0DB22D32-0E42-4A85-8BD1-C03A1DB61F08}.Debug|x86.Build.0 = Debug|Win32
		{0DB22D32-0E42-4A85-8BD1-C03A1DB61F08}.Debug-SDL2|Any CPU.ActiveCfg = Debug|Any CPU
		{0DB22D32-0E42-4A85-8BD1-C03A1DB61F08}.Debug-SDL2|Any CPU.Build.0 = Debug|Any CPU
		{0DB22D32-0E42-4A85-8BD1-C03A1DB61F08}.Debug-SDL2|x64.ActiveCfg = Debug|Any CPU
		{0DB22D32-0E42-4A85-8BD1-C03A1DB61F08}.Debug-SDL2|x64.Build.0 = Debug|Any CPU
		{0DB22D32-0E42-4A85-8BD1-C03A1DB61F08}.Debug-SDL2|x86.ActiveCfg = Debug|Win32
		{0DB22D32-0E42-4A85-8BD1-C03A1DB61F08}.Debug-SDL2|x86.Build.0 = Debug|Win32
		{0DB22D32-0E42-4A85-8BD1-C03A1DB61F08}.Release|Any CPU.ActiveCfg = Release|Any CPU
		{0DB22D32-0E42-4A85-8BD1-C03A1DB61F08}.Release|Any CPU.Build.0 = Release|Any CPU
		{0DB22D32-0E42-4A85-8BD1-C03A1DB61F08}.Release|x64.ActiveCfg = Release|Any CPU
		{0DB22D32-0E42-4A85-8BD1-C03A1DB61F08}.Release|x64.Build.0 = Release|Any CPU
		{0DB22D32-0E42-4A85-8BD1-C03A1DB61F08}.Release|x86.ActiveCfg = Release|Win32
		{0DB22D32-0E42-4A85-8BD1-C03A1DB61F08}.WasmDbg|Any CPU.ActiveCfg = Release|Any CPU
		{0DB22D32-0E42-4A85-8BD1-C03A1DB61F08}.WasmDbg|Any CPU.Build.0 = Release|Any CPU
		{0DB22D32-0E42-4A85-8BD1-C03A1DB61F08}.WasmDbg|x64.ActiveCfg = Release|Any CPU
		{0DB22D32-0E42-4A85-8BD1-C03A1DB61F08}.WasmDbg|x64.Build.0 = Release|Any CPU
		{0DB22D32-0E42-4A85-8BD1-C03A1DB61F08}.WasmDbg|x86.ActiveCfg = Release|Win32
		{0DB22D32-0E42-4A85-8BD1-C03A1DB61F08}.WasmRel|Any CPU.ActiveCfg = Release|Any CPU
		{0DB22D32-0E42-4A85-8BD1-C03A1DB61F08}.WasmRel|Any CPU.Build.0 = Release|Any CPU
		{0DB22D32-0E42-4A85-8BD1-C03A1DB61F08}.WasmRel|x64.ActiveCfg = Release|Any CPU
		{0DB22D32-0E42-4A85-8BD1-C03A1DB61F08}.WasmRel|x64.Build.0 = Release|Any CPU
		{0DB22D32-0E42-4A85-8BD1-C03A1DB61F08}.WasmRel|x86.ActiveCfg = Release|Win32
		{7D3A9C74-D642-41FB-BEFE-1A0C99BA9AF7}.Debug|Any CPU.ActiveCfg = Debug|Any CPU
		{7D3A9C74-D642-41FB-BEFE-1A0C99BA9AF7}.Debug|Any CPU.Build.0 = Debug|Any CPU
		{7D3A9C74-D642-41FB-BEFE-1A0C99BA9AF7}.Debug|x64.ActiveCfg = Debug|Any CPU
		{7D3A9C74-D642-41FB-BEFE-1A0C99BA9AF7}.Debug|x64.Build.0 = Debug|Any CPU
		{7D3A9C74-D642-41FB-BEFE-1A0C99BA9AF7}.Debug|x86.ActiveCfg = Debug|x86
		{7D3A9C74-D642-41FB-BEFE-1A0C99BA9AF7}.Debug|x86.Build.0 = Debug|x86
		{7D3A9C74-D642-41FB-BEFE-1A0C99BA9AF7}.Debug-SDL2|Any CPU.ActiveCfg = Debug|Any CPU
		{7D3A9C74-D642-41FB-BEFE-1A0C99BA9AF7}.Debug-SDL2|Any CPU.Build.0 = Debug|Any CPU
		{7D3A9C74-D642-41FB-BEFE-1A0C99BA9AF7}.Debug-SDL2|x64.ActiveCfg = Debug|Any CPU
		{7D3A9C74-D642-41FB-BEFE-1A0C99BA9AF7}.Debug-SDL2|x64.Build.0 = Debug|Any CPU
		{7D3A9C74-D642-41FB-BEFE-1A0C99BA9AF7}.Debug-SDL2|x86.ActiveCfg = Debug|x86
		{7D3A9C74-D642-41FB-BEFE-1A0C99BA9AF7}.Debug-SDL2|x86.Build.0 = Debug|x86
		{7D3A9C74-D642-41FB-BEFE-1A0C99BA9AF7}.Release|Any CPU.ActiveCfg = Release|Any CPU
		{7D3A9C74-D642-41FB-BEFE-1A0C99BA9AF7}.Release|Any CPU.Build.0 = Release|Any CPU
		{7D3A9C74-D642-41FB-BEFE-1A0C99BA9AF7}.Release|x64.ActiveCfg = Release|Any CPU
		{7D3A9C74-D642-41FB-BEFE-1A0C99BA9AF7}.Release|x64.Build.0 = Release|Any CPU
		{7D3A9C74-D642-41FB-BEFE-1A0C99BA9AF7}.Release|x86.ActiveCfg = Release|x86
		{7D3A9C74-D642-41FB-BEFE-1A0C99BA9AF7}.Release|x86.Build.0 = Release|x86
		{7D3A9C74-D642-41FB-BEFE-1A0C99BA9AF7}.WasmDbg|Any CPU.ActiveCfg = Debug|Any CPU
		{7D3A9C74-D642-41FB-BEFE-1A0C99BA9AF7}.WasmDbg|Any CPU.Build.0 = Debug|Any CPU
		{7D3A9C74-D642-41FB-BEFE-1A0C99BA9AF7}.WasmDbg|x64.ActiveCfg = Release|Any CPU
		{7D3A9C74-D642-41FB-BEFE-1A0C99BA9AF7}.WasmDbg|x64.Build.0 = Release|Any CPU
		{7D3A9C74-D642-41FB-BEFE-1A0C99BA9AF7}.WasmDbg|x86.ActiveCfg = Release|x86
		{7D3A9C74-D642-41FB-BEFE-1A0C99BA9AF7}.WasmRel|Any CPU.ActiveCfg = Debug|Any CPU
		{7D3A9C74-D642-41FB-BEFE-1A0C99BA9AF7}.WasmRel|Any CPU.Build.0 = Debug|Any CPU
		{7D3A9C74-D642-41FB-BEFE-1A0C99BA9AF7}.WasmRel|x64.ActiveCfg = Release|Any CPU
		{7D3A9C74-D642-41FB-BEFE-1A0C99BA9AF7}.WasmRel|x64.Build.0 = Release|Any CPU
		{7D3A9C74-D642-41FB-BEFE-1A0C99BA9AF7}.WasmRel|x86.ActiveCfg = Release|x86
		{4635167B-42A1-49DC-B40A-69CB9EC96FAE}.Debug|Any CPU.ActiveCfg = Debug|Any CPU
		{4635167B-42A1-49DC-B40A-69CB9EC96FAE}.Debug|Any CPU.Build.0 = Debug|Any CPU
		{4635167B-42A1-49DC-B40A-69CB9EC96FAE}.Debug|x64.ActiveCfg = Debug|Any CPU
		{4635167B-42A1-49DC-B40A-69CB9EC96FAE}.Debug|x64.Build.0 = Debug|Any CPU
		{4635167B-42A1-49DC-B40A-69CB9EC96FAE}.Debug|x86.ActiveCfg = Debug|Any CPU
		{4635167B-42A1-49DC-B40A-69CB9EC96FAE}.Debug|x86.Build.0 = Debug|Any CPU
		{4635167B-42A1-49DC-B40A-69CB9EC96FAE}.Debug-SDL2|Any CPU.ActiveCfg = Debug|Any CPU
		{4635167B-42A1-49DC-B40A-69CB9EC96FAE}.Debug-SDL2|Any CPU.Build.0 = Debug|Any CPU
		{4635167B-42A1-49DC-B40A-69CB9EC96FAE}.Debug-SDL2|x64.ActiveCfg = Debug|Any CPU
		{4635167B-42A1-49DC-B40A-69CB9EC96FAE}.Debug-SDL2|x64.Build.0 = Debug|Any CPU
		{4635167B-42A1-49DC-B40A-69CB9EC96FAE}.Debug-SDL2|x86.ActiveCfg = Debug|Any CPU
		{4635167B-42A1-49DC-B40A-69CB9EC96FAE}.Debug-SDL2|x86.Build.0 = Debug|Any CPU
		{4635167B-42A1-49DC-B40A-69CB9EC96FAE}.Release|Any CPU.ActiveCfg = Release|Any CPU
		{4635167B-42A1-49DC-B40A-69CB9EC96FAE}.Release|Any CPU.Build.0 = Release|Any CPU
		{4635167B-42A1-49DC-B40A-69CB9EC96FAE}.Release|x64.ActiveCfg = Release|Any CPU
		{4635167B-42A1-49DC-B40A-69CB9EC96FAE}.Release|x64.Build.0 = Release|Any CPU
		{4635167B-42A1-49DC-B40A-69CB9EC96FAE}.Release|x86.ActiveCfg = Release|Any CPU
		{4635167B-42A1-49DC-B40A-69CB9EC96FAE}.WasmDbg|Any CPU.ActiveCfg = Debug|Any CPU
		{4635167B-42A1-49DC-B40A-69CB9EC96FAE}.WasmDbg|Any CPU.Build.0 = Debug|Any CPU
		{4635167B-42A1-49DC-B40A-69CB9EC96FAE}.WasmDbg|x64.ActiveCfg = Release|Any CPU
		{4635167B-42A1-49DC-B40A-69CB9EC96FAE}.WasmDbg|x64.Build.0 = Release|Any CPU
		{4635167B-42A1-49DC-B40A-69CB9EC96FAE}.WasmDbg|x86.ActiveCfg = Debug|Any CPU
		{4635167B-42A1-49DC-B40A-69CB9EC96FAE}.WasmRel|Any CPU.ActiveCfg = Debug|Any CPU
		{4635167B-42A1-49DC-B40A-69CB9EC96FAE}.WasmRel|Any CPU.Build.0 = Debug|Any CPU
		{4635167B-42A1-49DC-B40A-69CB9EC96FAE}.WasmRel|x64.ActiveCfg = Release|Any CPU
		{4635167B-42A1-49DC-B40A-69CB9EC96FAE}.WasmRel|x64.Build.0 = Release|Any CPU
		{4635167B-42A1-49DC-B40A-69CB9EC96FAE}.WasmRel|x86.ActiveCfg = Debug|Any CPU
		{75012876-22E6-4670-8828-31AE2A2B065D}.Debug|Any CPU.ActiveCfg = Debug|Any CPU
		{75012876-22E6-4670-8828-31AE2A2B065D}.Debug|Any CPU.Build.0 = Debug|Any CPU
		{75012876-22E6-4670-8828-31AE2A2B065D}.Debug|x64.ActiveCfg = Debug|Any CPU
		{75012876-22E6-4670-8828-31AE2A2B065D}.Debug|x64.Build.0 = Debug|Any CPU
		{75012876-22E6-4670-8828-31AE2A2B065D}.Debug|x86.ActiveCfg = Debug|Win32
		{75012876-22E6-4670-8828-31AE2A2B065D}.Debug|x86.Build.0 = Debug|Win32
		{75012876-22E6-4670-8828-31AE2A2B065D}.Debug-SDL2|Any CPU.ActiveCfg = Debug|Any CPU
		{75012876-22E6-4670-8828-31AE2A2B065D}.Debug-SDL2|Any CPU.Build.0 = Debug|Any CPU
		{75012876-22E6-4670-8828-31AE2A2B065D}.Debug-SDL2|x64.ActiveCfg = Debug|Any CPU
		{75012876-22E6-4670-8828-31AE2A2B065D}.Debug-SDL2|x64.Build.0 = Debug|Any CPU
		{75012876-22E6-4670-8828-31AE2A2B065D}.Debug-SDL2|x86.ActiveCfg = Debug|Win32
		{75012876-22E6-4670-8828-31AE2A2B065D}.Debug-SDL2|x86.Build.0 = Debug|Win32
		{75012876-22E6-4670-8828-31AE2A2B065D}.Release|Any CPU.ActiveCfg = Release|Any CPU
		{75012876-22E6-4670-8828-31AE2A2B065D}.Release|Any CPU.Build.0 = Release|Any CPU
		{75012876-22E6-4670-8828-31AE2A2B065D}.Release|x64.ActiveCfg = Release|Any CPU
		{75012876-22E6-4670-8828-31AE2A2B065D}.Release|x64.Build.0 = Release|Any CPU
		{75012876-22E6-4670-8828-31AE2A2B065D}.Release|x86.ActiveCfg = Release|Win32
		{75012876-22E6-4670-8828-31AE2A2B065D}.WasmDbg|Any CPU.ActiveCfg = Release|Any CPU
		{75012876-22E6-4670-8828-31AE2A2B065D}.WasmDbg|Any CPU.Build.0 = Release|Any CPU
		{75012876-22E6-4670-8828-31AE2A2B065D}.WasmDbg|x64.ActiveCfg = Release|Any CPU
		{75012876-22E6-4670-8828-31AE2A2B065D}.WasmDbg|x64.Build.0 = Release|Any CPU
		{75012876-22E6-4670-8828-31AE2A2B065D}.WasmDbg|x86.ActiveCfg = Release|Win32
		{75012876-22E6-4670-8828-31AE2A2B065D}.WasmRel|Any CPU.ActiveCfg = Release|Any CPU
		{75012876-22E6-4670-8828-31AE2A2B065D}.WasmRel|Any CPU.Build.0 = Release|Any CPU
		{75012876-22E6-4670-8828-31AE2A2B065D}.WasmRel|x64.ActiveCfg = Release|Any CPU
		{75012876-22E6-4670-8828-31AE2A2B065D}.WasmRel|x64.Build.0 = Release|Any CPU
		{75012876-22E6-4670-8828-31AE2A2B065D}.WasmRel|x86.ActiveCfg = Release|Win32
		{23726309-3DF7-45B9-B5D0-079D7B6335FB}.Debug|Any CPU.ActiveCfg = Debug|Any CPU
		{23726309-3DF7-45B9-B5D0-079D7B6335FB}.Debug|Any CPU.Build.0 = Debug|Any CPU
		{23726309-3DF7-45B9-B5D0-079D7B6335FB}.Debug|x64.ActiveCfg = Debug|Any CPU
		{23726309-3DF7-45B9-B5D0-079D7B6335FB}.Debug|x64.Build.0 = Debug|Any CPU
		{23726309-3DF7-45B9-B5D0-079D7B6335FB}.Debug|x86.ActiveCfg = Debug|x86
		{23726309-3DF7-45B9-B5D0-079D7B6335FB}.Debug|x86.Build.0 = Debug|x86
		{23726309-3DF7-45B9-B5D0-079D7B6335FB}.Debug-SDL2|Any CPU.ActiveCfg = Debug|Any CPU
		{23726309-3DF7-45B9-B5D0-079D7B6335FB}.Debug-SDL2|Any CPU.Build.0 = Debug|Any CPU
		{23726309-3DF7-45B9-B5D0-079D7B6335FB}.Debug-SDL2|x64.ActiveCfg = Debug|Any CPU
		{23726309-3DF7-45B9-B5D0-079D7B6335FB}.Debug-SDL2|x64.Build.0 = Debug|Any CPU
		{23726309-3DF7-45B9-B5D0-079D7B6335FB}.Debug-SDL2|x86.ActiveCfg = Debug|x86
		{23726309-3DF7-45B9-B5D0-079D7B6335FB}.Debug-SDL2|x86.Build.0 = Debug|x86
		{23726309-3DF7-45B9-B5D0-079D7B6335FB}.Release|Any CPU.ActiveCfg = Release|Any CPU
		{23726309-3DF7-45B9-B5D0-079D7B6335FB}.Release|Any CPU.Build.0 = Release|Any CPU
		{23726309-3DF7-45B9-B5D0-079D7B6335FB}.Release|x64.ActiveCfg = Release|Any CPU
		{23726309-3DF7-45B9-B5D0-079D7B6335FB}.Release|x64.Build.0 = Release|Any CPU
		{23726309-3DF7-45B9-B5D0-079D7B6335FB}.Release|x86.ActiveCfg = Release|x86
		{23726309-3DF7-45B9-B5D0-079D7B6335FB}.Release|x86.Build.0 = Release|x86
		{23726309-3DF7-45B9-B5D0-079D7B6335FB}.WasmDbg|Any CPU.ActiveCfg = Debug|Any CPU
		{23726309-3DF7-45B9-B5D0-079D7B6335FB}.WasmDbg|Any CPU.Build.0 = Debug|Any CPU
		{23726309-3DF7-45B9-B5D0-079D7B6335FB}.WasmDbg|x64.ActiveCfg = Release|Any CPU
		{23726309-3DF7-45B9-B5D0-079D7B6335FB}.WasmDbg|x64.Build.0 = Release|Any CPU
		{23726309-3DF7-45B9-B5D0-079D7B6335FB}.WasmDbg|x86.ActiveCfg = Release|x86
		{23726309-3DF7-45B9-B5D0-079D7B6335FB}.WasmRel|Any CPU.ActiveCfg = Debug|Any CPU
		{23726309-3DF7-45B9-B5D0-079D7B6335FB}.WasmRel|Any CPU.Build.0 = Debug|Any CPU
		{23726309-3DF7-45B9-B5D0-079D7B6335FB}.WasmRel|x64.ActiveCfg = Release|Any CPU
		{23726309-3DF7-45B9-B5D0-079D7B6335FB}.WasmRel|x64.Build.0 = Release|Any CPU
		{23726309-3DF7-45B9-B5D0-079D7B6335FB}.WasmRel|x86.ActiveCfg = Release|x86
		{5A130BB4-73AA-47C4-844A-BE323DFF845A}.Debug|Any CPU.ActiveCfg = Debug|Win32
		{5A130BB4-73AA-47C4-844A-BE323DFF845A}.Debug|x64.ActiveCfg = Debug|x64
		{5A130BB4-73AA-47C4-844A-BE323DFF845A}.Debug|x64.Build.0 = Debug|x64
		{5A130BB4-73AA-47C4-844A-BE323DFF845A}.Debug|x86.ActiveCfg = Debug|Win32
		{5A130BB4-73AA-47C4-844A-BE323DFF845A}.Debug|x86.Build.0 = Debug|Win32
		{5A130BB4-73AA-47C4-844A-BE323DFF845A}.Debug-SDL2|Any CPU.ActiveCfg = Release|x64
		{5A130BB4-73AA-47C4-844A-BE323DFF845A}.Debug-SDL2|Any CPU.Build.0 = Release|x64
		{5A130BB4-73AA-47C4-844A-BE323DFF845A}.Debug-SDL2|x64.ActiveCfg = Debug|x64
		{5A130BB4-73AA-47C4-844A-BE323DFF845A}.Debug-SDL2|x64.Build.0 = Debug|x64
		{5A130BB4-73AA-47C4-844A-BE323DFF845A}.Debug-SDL2|x86.ActiveCfg = Debug|Win32
		{5A130BB4-73AA-47C4-844A-BE323DFF845A}.Debug-SDL2|x86.Build.0 = Debug|Win32
		{5A130BB4-73AA-47C4-844A-BE323DFF845A}.Release|Any CPU.ActiveCfg = Release|Win32
		{5A130BB4-73AA-47C4-844A-BE323DFF845A}.Release|x64.ActiveCfg = Release|x64
		{5A130BB4-73AA-47C4-844A-BE323DFF845A}.Release|x64.Build.0 = Release|x64
		{5A130BB4-73AA-47C4-844A-BE323DFF845A}.Release|x86.ActiveCfg = Release|Win32
		{5A130BB4-73AA-47C4-844A-BE323DFF845A}.Release|x86.Build.0 = Release|Win32
		{5A130BB4-73AA-47C4-844A-BE323DFF845A}.WasmDbg|Any CPU.ActiveCfg = Release|x64
		{5A130BB4-73AA-47C4-844A-BE323DFF845A}.WasmDbg|Any CPU.Build.0 = Release|x64
		{5A130BB4-73AA-47C4-844A-BE323DFF845A}.WasmDbg|x64.ActiveCfg = Release|x64
		{5A130BB4-73AA-47C4-844A-BE323DFF845A}.WasmDbg|x64.Build.0 = Release|x64
		{5A130BB4-73AA-47C4-844A-BE323DFF845A}.WasmDbg|x86.ActiveCfg = WasmDbg|Win32
		{5A130BB4-73AA-47C4-844A-BE323DFF845A}.WasmDbg|x86.Build.0 = WasmDbg|Win32
		{5A130BB4-73AA-47C4-844A-BE323DFF845A}.WasmRel|Any CPU.ActiveCfg = Release|x64
		{5A130BB4-73AA-47C4-844A-BE323DFF845A}.WasmRel|Any CPU.Build.0 = Release|x64
		{5A130BB4-73AA-47C4-844A-BE323DFF845A}.WasmRel|x64.ActiveCfg = Release|x64
		{5A130BB4-73AA-47C4-844A-BE323DFF845A}.WasmRel|x64.Build.0 = Release|x64
		{5A130BB4-73AA-47C4-844A-BE323DFF845A}.WasmRel|x86.ActiveCfg = WasmRel|Win32
		{5A130BB4-73AA-47C4-844A-BE323DFF845A}.WasmRel|x86.Build.0 = WasmRel|Win32
		{EBF9534C-A5B5-4366-B097-83238855F836}.Debug|Any CPU.ActiveCfg = Debug|Win32
		{EBF9534C-A5B5-4366-B097-83238855F836}.Debug|x64.ActiveCfg = Debug|x64
		{EBF9534C-A5B5-4366-B097-83238855F836}.Debug|x64.Build.0 = Debug|x64
		{EBF9534C-A5B5-4366-B097-83238855F836}.Debug|x86.ActiveCfg = Debug-SDL2|Win32
		{EBF9534C-A5B5-4366-B097-83238855F836}.Debug|x86.Build.0 = Debug-SDL2|Win32
		{EBF9534C-A5B5-4366-B097-83238855F836}.Debug-SDL2|Any CPU.ActiveCfg = Debug-SDL2|Win32
		{EBF9534C-A5B5-4366-B097-83238855F836}.Debug-SDL2|x64.ActiveCfg = Debug-SDL2|x64
		{EBF9534C-A5B5-4366-B097-83238855F836}.Debug-SDL2|x64.Build.0 = Debug-SDL2|x64
		{EBF9534C-A5B5-4366-B097-83238855F836}.Debug-SDL2|x86.ActiveCfg = Debug-SDL2|Win32
		{EBF9534C-A5B5-4366-B097-83238855F836}.Debug-SDL2|x86.Build.0 = Debug-SDL2|Win32
		{EBF9534C-A5B5-4366-B097-83238855F836}.Release|Any CPU.ActiveCfg = Release|Win32
		{EBF9534C-A5B5-4366-B097-83238855F836}.Release|x64.ActiveCfg = Release|x64
		{EBF9534C-A5B5-4366-B097-83238855F836}.Release|x64.Build.0 = Release|x64
		{EBF9534C-A5B5-4366-B097-83238855F836}.Release|x86.ActiveCfg = Release-SDL2|Win32
		{EBF9534C-A5B5-4366-B097-83238855F836}.Release|x86.Build.0 = Release-SDL2|Win32
		{EBF9534C-A5B5-4366-B097-83238855F836}.WasmDbg|Any CPU.ActiveCfg = Release|x64
		{EBF9534C-A5B5-4366-B097-83238855F836}.WasmDbg|Any CPU.Build.0 = Release|x64
		{EBF9534C-A5B5-4366-B097-83238855F836}.WasmDbg|x64.ActiveCfg = Release|x64
		{EBF9534C-A5B5-4366-B097-83238855F836}.WasmDbg|x64.Build.0 = Release|x64
		{EBF9534C-A5B5-4366-B097-83238855F836}.WasmDbg|x86.ActiveCfg = WasmDbg|Win32
		{EBF9534C-A5B5-4366-B097-83238855F836}.WasmDbg|x86.Build.0 = WasmDbg|Win32
		{EBF9534C-A5B5-4366-B097-83238855F836}.WasmRel|Any CPU.ActiveCfg = Release|x64
		{EBF9534C-A5B5-4366-B097-83238855F836}.WasmRel|Any CPU.Build.0 = Release|x64
		{EBF9534C-A5B5-4366-B097-83238855F836}.WasmRel|x64.ActiveCfg = Release|x64
		{EBF9534C-A5B5-4366-B097-83238855F836}.WasmRel|x64.Build.0 = Release|x64
		{EBF9534C-A5B5-4366-B097-83238855F836}.WasmRel|x86.ActiveCfg = WasmRel|Win32
		{EBF9534C-A5B5-4366-B097-83238855F836}.WasmRel|x86.Build.0 = WasmRel|Win32
		{20F225BC-09B0-4B92-BF44-76B9D00E00BD}.Debug|Any CPU.ActiveCfg = Debug|Win32
		{20F225BC-09B0-4B92-BF44-76B9D00E00BD}.Debug|x64.ActiveCfg = Debug|x64
		{20F225BC-09B0-4B92-BF44-76B9D00E00BD}.Debug|x64.Build.0 = Debug|x64
		{20F225BC-09B0-4B92-BF44-76B9D00E00BD}.Debug|x86.ActiveCfg = Debug|Win32
		{20F225BC-09B0-4B92-BF44-76B9D00E00BD}.Debug|x86.Build.0 = Debug|Win32
		{20F225BC-09B0-4B92-BF44-76B9D00E00BD}.Debug-SDL2|Any CPU.ActiveCfg = Release|x64
		{20F225BC-09B0-4B92-BF44-76B9D00E00BD}.Debug-SDL2|Any CPU.Build.0 = Release|x64
		{20F225BC-09B0-4B92-BF44-76B9D00E00BD}.Debug-SDL2|x64.ActiveCfg = Debug|x64
		{20F225BC-09B0-4B92-BF44-76B9D00E00BD}.Debug-SDL2|x64.Build.0 = Debug|x64
		{20F225BC-09B0-4B92-BF44-76B9D00E00BD}.Debug-SDL2|x86.ActiveCfg = Debug|Win32
		{20F225BC-09B0-4B92-BF44-76B9D00E00BD}.Debug-SDL2|x86.Build.0 = Debug|Win32
		{20F225BC-09B0-4B92-BF44-76B9D00E00BD}.Release|Any CPU.ActiveCfg = Release|Win32
		{20F225BC-09B0-4B92-BF44-76B9D00E00BD}.Release|x64.ActiveCfg = Release|x64
		{20F225BC-09B0-4B92-BF44-76B9D00E00BD}.Release|x64.Build.0 = Release|x64
		{20F225BC-09B0-4B92-BF44-76B9D00E00BD}.Release|x86.ActiveCfg = Release|Win32
		{20F225BC-09B0-4B92-BF44-76B9D00E00BD}.Release|x86.Build.0 = Release|Win32
		{20F225BC-09B0-4B92-BF44-76B9D00E00BD}.WasmDbg|Any CPU.ActiveCfg = Release|x64
		{20F225BC-09B0-4B92-BF44-76B9D00E00BD}.WasmDbg|Any CPU.Build.0 = Release|x64
		{20F225BC-09B0-4B92-BF44-76B9D00E00BD}.WasmDbg|x64.ActiveCfg = Release|x64
		{20F225BC-09B0-4B92-BF44-76B9D00E00BD}.WasmDbg|x64.Build.0 = Release|x64
		{20F225BC-09B0-4B92-BF44-76B9D00E00BD}.WasmDbg|x86.ActiveCfg = WasmDbg|Win32
		{20F225BC-09B0-4B92-BF44-76B9D00E00BD}.WasmDbg|x86.Build.0 = WasmDbg|Win32
		{20F225BC-09B0-4B92-BF44-76B9D00E00BD}.WasmRel|Any CPU.ActiveCfg = Release|x64
		{20F225BC-09B0-4B92-BF44-76B9D00E00BD}.WasmRel|Any CPU.Build.0 = Release|x64
		{20F225BC-09B0-4B92-BF44-76B9D00E00BD}.WasmRel|x64.ActiveCfg = Release|x64
		{20F225BC-09B0-4B92-BF44-76B9D00E00BD}.WasmRel|x64.Build.0 = Release|x64
		{20F225BC-09B0-4B92-BF44-76B9D00E00BD}.WasmRel|x86.ActiveCfg = WasmRel|Win32
		{20F225BC-09B0-4B92-BF44-76B9D00E00BD}.WasmRel|x86.Build.0 = WasmRel|Win32
		{6DAC951D-40FB-4B3A-8E21-D42A2399D75C}.Debug|Any CPU.ActiveCfg = Debug|Win32
		{6DAC951D-40FB-4B3A-8E21-D42A2399D75C}.Debug|x64.ActiveCfg = Debug|x64
		{6DAC951D-40FB-4B3A-8E21-D42A2399D75C}.Debug|x64.Build.0 = Debug|x64
		{6DAC951D-40FB-4B3A-8E21-D42A2399D75C}.Debug|x86.ActiveCfg = Debug|Win32
		{6DAC951D-40FB-4B3A-8E21-D42A2399D75C}.Debug|x86.Build.0 = Debug|Win32
		{6DAC951D-40FB-4B3A-8E21-D42A2399D75C}.Debug-SDL2|Any CPU.ActiveCfg = Release|x64
		{6DAC951D-40FB-4B3A-8E21-D42A2399D75C}.Debug-SDL2|Any CPU.Build.0 = Release|x64
		{6DAC951D-40FB-4B3A-8E21-D42A2399D75C}.Debug-SDL2|x64.ActiveCfg = Debug|x64
		{6DAC951D-40FB-4B3A-8E21-D42A2399D75C}.Debug-SDL2|x64.Build.0 = Debug|x64
		{6DAC951D-40FB-4B3A-8E21-D42A2399D75C}.Debug-SDL2|x86.ActiveCfg = Debug|Win32
		{6DAC951D-40FB-4B3A-8E21-D42A2399D75C}.Debug-SDL2|x86.Build.0 = Debug|Win32
		{6DAC951D-40FB-4B3A-8E21-D42A2399D75C}.Release|Any CPU.ActiveCfg = Release|Win32
		{6DAC951D-40FB-4B3A-8E21-D42A2399D75C}.Release|x64.ActiveCfg = Release|x64
		{6DAC951D-40FB-4B3A-8E21-D42A2399D75C}.Release|x64.Build.0 = Release|x64
		{6DAC951D-40FB-4B3A-8E21-D42A2399D75C}.Release|x86.ActiveCfg = Release|Win32
		{6DAC951D-40FB-4B3A-8E21-D42A2399D75C}.Release|x86.Build.0 = Release|Win32
		{6DAC951D-40FB-4B3A-8E21-D42A2399D75C}.WasmDbg|Any CPU.ActiveCfg = Release|x64
		{6DAC951D-40FB-4B3A-8E21-D42A2399D75C}.WasmDbg|Any CPU.Build.0 = Release|x64
		{6DAC951D-40FB-4B3A-8E21-D42A2399D75C}.WasmDbg|x64.ActiveCfg = Release|x64
		{6DAC951D-40FB-4B3A-8E21-D42A2399D75C}.WasmDbg|x64.Build.0 = Release|x64
		{6DAC951D-40FB-4B3A-8E21-D42A2399D75C}.WasmDbg|x86.ActiveCfg = WasmDbg|Win32
		{6DAC951D-40FB-4B3A-8E21-D42A2399D75C}.WasmDbg|x86.Build.0 = WasmDbg|Win32
		{6DAC951D-40FB-4B3A-8E21-D42A2399D75C}.WasmRel|Any CPU.ActiveCfg = Release|x64
		{6DAC951D-40FB-4B3A-8E21-D42A2399D75C}.WasmRel|Any CPU.Build.0 = Release|x64
		{6DAC951D-40FB-4B3A-8E21-D42A2399D75C}.WasmRel|x64.ActiveCfg = Release|x64
		{6DAC951D-40FB-4B3A-8E21-D42A2399D75C}.WasmRel|x64.Build.0 = Release|x64
		{6DAC951D-40FB-4B3A-8E21-D42A2399D75C}.WasmRel|x86.ActiveCfg = WasmRel|Win32
		{6DAC951D-40FB-4B3A-8E21-D42A2399D75C}.WasmRel|x86.Build.0 = WasmRel|Win32
	EndGlobalSection
	GlobalSection(SolutionProperties) = preSolution
		HideSolutionNode = FALSE
	EndGlobalSection
	GlobalSection(NestedProjects) = preSolution
		{B3730487-D742-401C-9F29-BDCA72EF2603} = {C815AE17-93CA-4416-B7DD-3B252FB250D9}
		{AC4F5A41-D446-4265-B6C2-A22FFF35F360} = {C815AE17-93CA-4416-B7DD-3B252FB250D9}
		{ED9D8242-F782-45DA-ACF0-F3A8773BFA13} = {C815AE17-93CA-4416-B7DD-3B252FB250D9}
		{B119C8D8-F8BE-415D-8985-5DD8EE90780E} = {C815AE17-93CA-4416-B7DD-3B252FB250D9}
		{7123A522-D07F-4F81-88B0-5793F377E58C} = {C815AE17-93CA-4416-B7DD-3B252FB250D9}
		{EAF84C17-145C-4071-AAB0-7DDFDD08BDF1} = {127EA24E-740B-450C-A41A-1DDFDFCAB93D}
		{99071C45-5A7F-4B30-9101-477F06977B2B} = {127EA24E-740B-450C-A41A-1DDFDFCAB93D}
		{54C2A0C7-CC76-4809-94AE-4A534DD7B072} = {127EA24E-740B-450C-A41A-1DDFDFCAB93D}
		{1F7C226E-22EB-4F45-89C7-ABD521178A21} = {1D7BCB48-855E-449E-8C14-64DA44882618}
		{F9E02EA9-601C-4D30-9081-337A66E0BF7F} = {506F205A-EF62-43E2-A356-34B05EE0F832}
		{7096B5D9-24F3-48FA-944C-E687A279A28E} = {506F205A-EF62-43E2-A356-34B05EE0F832}
		{34647627-6B40-40F7-9C8E-C3CCA0826F50} = {B745C4B8-103C-4672-94EA-210C22C2C8EE}
		{0DB22D32-0E42-4A85-8BD1-C03A1DB61F08} = {2148F9E0-73B7-403F-9215-A052E5DD425B}
		{7D3A9C74-D642-41FB-BEFE-1A0C99BA9AF7} = {2148F9E0-73B7-403F-9215-A052E5DD425B}
		{4635167B-42A1-49DC-B40A-69CB9EC96FAE} = {2148F9E0-73B7-403F-9215-A052E5DD425B}
		{75012876-22E6-4670-8828-31AE2A2B065D} = {2148F9E0-73B7-403F-9215-A052E5DD425B}
		{23726309-3DF7-45B9-B5D0-079D7B6335FB} = {2148F9E0-73B7-403F-9215-A052E5DD425B}
		{5A130BB4-73AA-47C4-844A-BE323DFF845A} = {9C833E04-7BD0-4B5E-86FB-784E09A77F72}
		{9C833E04-7BD0-4B5E-86FB-784E09A77F72} = {C815AE17-93CA-4416-B7DD-3B252FB250D9}
		{EBF9534C-A5B5-4366-B097-83238855F836} = {9C833E04-7BD0-4B5E-86FB-784E09A77F72}
		{20F225BC-09B0-4B92-BF44-76B9D00E00BD} = {9C833E04-7BD0-4B5E-86FB-784E09A77F72}
		{6DAC951D-40FB-4B3A-8E21-D42A2399D75C} = {9C833E04-7BD0-4B5E-86FB-784E09A77F72}
	EndGlobalSection
	GlobalSection(ExtensibilityGlobals) = postSolution
		SolutionGuid = {399BD10A-768A-46D7-9748-E003EEBFF13C}
	EndGlobalSection
EndGlobal
