<?xml version="1.0" encoding="utf-8"?>
<Project ToolsVersion="4.0" xmlns="http://schemas.microsoft.com/developer/msbuild/2003">
  <ItemGroup>
    <Filter Include="drivers">
      <UniqueIdentifier>{d8696da1-46c7-438e-9602-fbef4f2cdd67}</UniqueIdentifier>
    </Filter>
    <Filter Include="engine">
      <UniqueIdentifier>{6bb3eaef-db0d-4406-a9c3-99a32b0f3e1e}</UniqueIdentifier>
    </Filter>
    <Filter Include="fonts">
      <UniqueIdentifier>{69841bab-a74b-40e9-8858-e95788406bf5}</UniqueIdentifier>
    </Filter>
    <Filter Include="mwin">
      <UniqueIdentifier>{ccf7c554-5beb-45d5-bb73-3c6b1f05aeea}</UniqueIdentifier>
    </Filter>
    <Filter Include="mwin\winlib">
      <UniqueIdentifier>{438855ed-a52d-4979-b45b-3bbfdec0133b}</UniqueIdentifier>
    </Filter>
    <Filter Include="include">
      <UniqueIdentifier>{2d7f6f13-d0fe-4437-b816-57456ccd8cd8}</UniqueIdentifier>
    </Filter>
  </ItemGroup>
  <ItemGroup>
    <ClCompile Include="..\..\microwindows\src\drivers\fb.c">
      <Filter>drivers</Filter>
    </ClCompile>
    <ClCompile Include="..\..\microwindows\src\drivers\fblin1.c">
      <Filter>drivers</Filter>
    </ClCompile>
    <ClCompile Include="..\..\microwindows\src\drivers\fblin2.c">
      <Filter>drivers</Filter>
    </ClCompile>
    <ClCompile Include="..\..\microwindows\src\drivers\fblin4.c">
      <Filter>drivers</Filter>
    </ClCompile>
    <ClCompile Include="..\..\microwindows\src\drivers\fblin8.c">
      <Filter>drivers</Filter>
    </ClCompile>
    <ClCompile Include="..\..\microwindows\src\drivers\fblin16.c">
      <Filter>drivers</Filter>
    </ClCompile>
    <ClCompile Include="..\..\microwindows\src\drivers\fblin24.c">
      <Filter>drivers</Filter>
    </ClCompile>
    <ClCompile Include="..\..\microwindows\src\drivers\fblin32.c">
      <Filter>drivers</Filter>
    </ClCompile>
    <ClCompile Include="..\..\microwindows\src\drivers\fbportrait_down.c">
      <Filter>drivers</Filter>
    </ClCompile>
    <ClCompile Include="..\..\microwindows\src\drivers\fbportrait_left.c">
      <Filter>drivers</Filter>
    </ClCompile>
    <ClCompile Include="..\..\microwindows\src\drivers\fbportrait_right.c">
      <Filter>drivers</Filter>
    </ClCompile>
    <ClCompile Include="..\..\microwindows\src\drivers\genfont.c">
      <Filter>drivers</Filter>
    </ClCompile>
    <ClCompile Include="..\..\microwindows\src\drivers\genmem.c">
      <Filter>drivers</Filter>
    </ClCompile>
    <ClCompile Include="..\..\microwindows\src\drivers\rasterops.c">
      <Filter>drivers</Filter>
    </ClCompile>
    <ClCompile Include="..\..\microwindows\src\engine\convblit_8888.c">
      <Filter>engine</Filter>
    </ClCompile>
    <ClCompile Include="..\..\microwindows\src\engine\convblit_frameb.c">
      <Filter>engine</Filter>
    </ClCompile>
    <ClCompile Include="..\..\microwindows\src\engine\convblit_mask.c">
      <Filter>engine</Filter>
    </ClCompile>
    <ClCompile Include="..\..\microwindows\src\engine\devarc.c">
      <Filter>engine</Filter>
    </ClCompile>
    <ClCompile Include="..\..\microwindows\src\engine\devblit.c">
      <Filter>engine</Filter>
    </ClCompile>
    <ClCompile Include="..\..\microwindows\src\engine\devclip.c">
      <Filter>engine</Filter>
    </ClCompile>
    <ClCompile Include="..\..\microwindows\src\engine\devdraw.c">
      <Filter>engine</Filter>
    </ClCompile>
    <ClCompile Include="..\..\microwindows\src\engine\devfont.c">
      <Filter>engine</Filter>
    </ClCompile>
    <ClCompile Include="..\..\microwindows\src\engine\devimage.c">
      <Filter>engine</Filter>
    </ClCompile>
    <ClCompile Include="..\..\microwindows\src\engine\devimage_stretch.c">
      <Filter>engine</Filter>
    </ClCompile>
    <ClCompile Include="..\..\microwindows\src\engine\devkbd.c">
      <Filter>engine</Filter>
    </ClCompile>
    <ClCompile Include="..\..\microwindows\src\engine\devlist.c">
      <Filter>engine</Filter>
    </ClCompile>
    <ClCompile Include="..\..\microwindows\src\engine\devmouse.c">
      <Filter>engine</Filter>
    </ClCompile>
    <ClCompile Include="..\..\microwindows\src\engine\devopen.c">
      <Filter>engine</Filter>
    </ClCompile>
    <ClCompile Include="..\..\microwindows\src\engine\devpal1.c">
      <Filter>engine</Filter>
    </ClCompile>
    <ClCompile Include="..\..\microwindows\src\engine\devpal2.c">
      <Filter>engine</Filter>
    </ClCompile>
    <ClCompile Include="..\..\microwindows\src\engine\devpal4.c">
      <Filter>engine</Filter>
    </ClCompile>
    <ClCompile Include="..\..\microwindows\src\engine\devpal8.c">
      <Filter>engine</Filter>
    </ClCompile>
    <ClCompile Include="..\..\microwindows\src\engine\devpoly.c">
      <Filter>engine</Filter>
    </ClCompile>
    <ClCompile Include="..\..\microwindows\src\engine\devrgn.c">
      <Filter>engine</Filter>
    </ClCompile>
    <ClCompile Include="..\..\microwindows\src\engine\devrgn2.c">
      <Filter>engine</Filter>
    </ClCompile>
    <ClCompile Include="..\..\microwindows\src\engine\devstipple.c">
      <Filter>engine</Filter>
    </ClCompile>
    <ClCompile Include="..\..\microwindows\src\engine\devtimer.c">
      <Filter>engine</Filter>
    </ClCompile>
    <ClCompile Include="..\..\microwindows\src\engine\font_dbcs.c">
      <Filter>engine</Filter>
    </ClCompile>
    <ClCompile Include="..\..\microwindows\src\engine\font_fnt.c">
      <Filter>engine</Filter>
    </ClCompile>
    <ClCompile Include="..\..\microwindows\src\engine\font_freetype2.c">
      <Filter>engine</Filter>
    </ClCompile>
    <ClCompile Include="..\..\microwindows\src\engine\font_hzk.c">
      <Filter>engine</Filter>
    </ClCompile>
    <ClCompile Include="..\..\microwindows\src\engine\font_pcf.c">
      <Filter>engine</Filter>
    </ClCompile>
    <ClCompile Include="..\..\microwindows\src\engine\image_bmp.c">
      <Filter>engine</Filter>
    </ClCompile>
    <ClCompile Include="..\..\microwindows\src\engine\image_gif.c">
      <Filter>engine</Filter>
    </ClCompile>
    <ClCompile Include="..\..\microwindows\src\engine\image_jpeg.c">
      <Filter>engine</Filter>
    </ClCompile>
    <ClCompile Include="..\..\microwindows\src\engine\image_png.c">
      <Filter>engine</Filter>
    </ClCompile>
    <ClCompile Include="..\..\microwindows\src\engine\image_pnm.c">
      <Filter>engine</Filter>
    </ClCompile>
    <ClCompile Include="..\..\microwindows\src\engine\image_tiff.c">
      <Filter>engine</Filter>
    </ClCompile>
    <ClCompile Include="..\..\microwindows\src\engine\image_xpm.c">
      <Filter>engine</Filter>
    </ClCompile>
    <ClCompile Include="..\..\microwindows\src\engine\merror.c">
      <Filter>engine</Filter>
    </ClCompile>
    <ClCompile Include="..\..\microwindows\src\engine\selfont.c">
      <Filter>engine</Filter>
    </ClCompile>
    <ClCompile Include="..\..\microwindows\src\fonts\rom8x8.c">
      <Filter>fonts</Filter>
    </ClCompile>
    <ClCompile Include="..\..\microwindows\src\fonts\rom8x16.c">
      <Filter>fonts</Filter>
    </ClCompile>
    <ClCompile Include="..\..\microwindows\src\fonts\winFreeSansSerif11x13.c">
      <Filter>fonts</Filter>
    </ClCompile>
    <ClCompile Include="..\..\microwindows\src\fonts\winFreeSystem14x16.c">
      <Filter>fonts</Filter>
    </ClCompile>
    <ClCompile Include="..\..\microwindows\src\fonts\X6x13.c">
      <Filter>fonts</Filter>
    </ClCompile>
    <ClCompile Include="..\..\microwindows\src\mwin\winclip.c">
      <Filter>mwin</Filter>
    </ClCompile>
    <ClCompile Include="..\..\microwindows\src\mwin\windefw.c">
      <Filter>mwin</Filter>
    </ClCompile>
    <ClCompile Include="..\..\microwindows\src\mwin\winevent.c">
      <Filter>mwin</Filter>
    </ClCompile>
    <ClCompile Include="..\..\microwindows\src\mwin\winexpos.c">
      <Filter>mwin</Filter>
    </ClCompile>
    <ClCompile Include="..\..\microwindows\src\mwin\winfont.c">
      <Filter>mwin</Filter>
    </ClCompile>
    <ClCompile Include="..\..\microwindows\src\mwin\wingdi.c">
      <Filter>mwin</Filter>
    </ClCompile>
    <ClCompile Include="..\..\microwindows\src\mwin\winmain.c">
      <Filter>mwin</Filter>
    </ClCompile>
    <ClCompile Include="..\..\microwindows\src\mwin\winres.c">
      <Filter>mwin</Filter>
    </ClCompile>
    <ClCompile Include="..\..\microwindows\src\mwin\winrgn.c">
      <Filter>mwin</Filter>
    </ClCompile>
    <ClCompile Include="..\..\microwindows\src\mwin\winsbar.c">
      <Filter>mwin</Filter>
    </ClCompile>
    <ClCompile Include="..\..\microwindows\src\mwin\winuser.c">
      <Filter>mwin</Filter>
    </ClCompile>
    <ClCompile Include="..\..\microwindows\src\mwin\winlib\button.c">
      <Filter>mwin\winlib</Filter>
    </ClCompile>
    <ClCompile Include="..\..\microwindows\src\mwin\winlib\caret.c">
      <Filter>mwin\winlib</Filter>
    </ClCompile>
    <ClCompile Include="..\..\microwindows\src\mwin\winlib\combobox.c">
      <Filter>mwin\winlib</Filter>
    </ClCompile>
    <ClCompile Include="..\..\microwindows\src\mwin\winlib\draw3d.c">
      <Filter>mwin\winlib</Filter>
    </ClCompile>
    <ClCompile Include="..\..\microwindows\src\mwin\winlib\edit.c">
      <Filter>mwin\winlib</Filter>
    </ClCompile>
    <ClCompile Include="..\..\microwindows\src\mwin\winlib\fastfill.c">
      <Filter>mwin\winlib</Filter>
    </ClCompile>
    <ClCompile Include="..\..\microwindows\src\mwin\winlib\graph3d.c">
      <Filter>mwin\winlib</Filter>
    </ClCompile>
    <ClCompile Include="..\..\microwindows\src\mwin\winlib\insetr.c">
      <Filter>mwin\winlib</Filter>
    </ClCompile>
    <ClCompile Include="..\..\microwindows\src\mwin\winlib\medit.c">
      <Filter>mwin\winlib</Filter>
    </ClCompile>
    <ClCompile Include="..\..\microwindows\src\mwin\winlib\msgbox.c">
      <Filter>mwin\winlib</Filter>
    </ClCompile>
    <ClCompile Include="..\..\microwindows\src\mwin\winlib\mwuser.c">
      <Filter>mwin\winlib</Filter>
    </ClCompile>
    <ClCompile Include="..\..\microwindows\src\mwin\winlib\newedit.c">
      <Filter>mwin\winlib</Filter>
    </ClCompile>
    <ClCompile Include="..\..\microwindows\src\mwin\winlib\progbar.c">
      <Filter>mwin\winlib</Filter>
    </ClCompile>
    <ClCompile Include="..\..\microwindows\src\mwin\winlib\ptinsid.c">
      <Filter>mwin\winlib</Filter>
    </ClCompile>
    <ClCompile Include="..\..\microwindows\src\mwin\winlib\scrlbar.c">
      <Filter>mwin\winlib</Filter>
    </ClCompile>
    <ClCompile Include="..\..\microwindows\src\mwin\winlib\static.c">
      <Filter>mwin\winlib</Filter>
    </ClCompile>
    <ClCompile Include="..\..\microwindows\src\mwin\winlib\windlg.c">
      <Filter>mwin\winlib</Filter>
    </ClCompile>
    <ClCompile Include="..\..\microwindows\src\mwin\winlib\listbox.c">
      <Filter>mwin\winlib</Filter>
    </ClCompile>
    <ClCompile Include="..\..\microwindows\src\drivers\kbd_sdl.c">
      <Filter>drivers</Filter>
    </ClCompile>
    <ClCompile Include="..\..\microwindows\src\drivers\mou_sdl.c">
      <Filter>drivers</Filter>
    </ClCompile>
    <ClCompile Include="..\..\microwindows\src\drivers\scr_sdl.c">
      <Filter>drivers</Filter>
    </ClCompile>
  </ItemGroup>
  <ItemGroup>
    <ClInclude Include="..\..\microwindows\src\include\convblit.h">
      <Filter>include</Filter>
    </ClInclude>
    <ClInclude Include="..\..\microwindows\src\include\device.h">
      <Filter>include</Filter>
    </ClInclude>
    <ClInclude Include="..\..\microwindows\src\include\genfont.h">
      <Filter>include</Filter>
    </ClInclude>
    <ClInclude Include="..\..\microwindows\src\include\graph3d.h">
      <Filter>include</Filter>
    </ClInclude>
    <ClInclude Include="..\..\microwindows\src\include\guiddef.h">
      <Filter>include</Filter>
    </ClInclude>
    <ClInclude Include="..\..\microwindows\src\include\initguid.h">
      <Filter>include</Filter>
    </ClInclude>
    <ClInclude Include="..\..\microwindows\src\include\intl.h">
      <Filter>include</Filter>
    </ClInclude>
    <ClInclude Include="..\..\microwindows\src\include\lock.h">
      <Filter>include</Filter>
    </ClInclude>
    <ClInclude Include="..\..\microwindows\src\include\mwobjects.h">
      <Filter>include</Filter>
    </ClInclude>
    <ClInclude Include="..\..\microwindows\src\include\mwsystem.h">
      <Filter>include</Filter>
    </ClInclude>
    <ClInclude Include="..\..\microwindows\src\include\mwtypes.h">
      <Filter>include</Filter>
    </ClInclude>
    <ClInclude Include="..\..\microwindows\src\include\nanowm.h">
      <Filter>include</Filter>
    </ClInclude>
    <ClInclude Include="..\..\microwindows\src\include\nano-X.h">
      <Filter>include</Filter>
    </ClInclude>
    <ClInclude Include="..\..\microwindows\src\include\nxcolors.h">
      <Filter>include</Filter>
    </ClInclude>
    <ClInclude Include="..\..\microwindows\src\include\nxdraw.h">
      <Filter>include</Filter>
    </ClInclude>
    <ClInclude Include="..\..\microwindows\src\include\objbase.h">
      <Filter>include</Filter>
    </ClInclude>
    <ClInclude Include="..\..\microwindows\src\include\poppack.h">
      <Filter>include</Filter>
    </ClInclude>
    <ClInclude Include="..\..\microwindows\src\include\pshpack1.h">
      <Filter>include</Filter>
    </ClInclude>
    <ClInclude Include="..\..\microwindows\src\include\pshpack2.h">
      <Filter>include</Filter>
    </ClInclude>
    <ClInclude Include="..\..\microwindows\src\include\pshpack4.h">
      <Filter>include</Filter>
    </ClInclude>
    <ClInclude Include="..\..\microwindows\src\include\pshpack8.h">
      <Filter>include</Filter>
    </ClInclude>
    <ClInclude Include="..\..\microwindows\src\include\schemadef.h">
      <Filter>include</Filter>
    </ClInclude>
    <ClInclude Include="..\..\microwindows\src\include\shlapi.h">
      <Filter>include</Filter>
    </ClInclude>
    <ClInclude Include="..\..\microwindows\src\include\swap.h">
      <Filter>include</Filter>
    </ClInclude>
    <ClInclude Include="..\..\microwindows\src\include\tmschema.h">
      <Filter>include</Filter>
    </ClInclude>
    <ClInclude Include="..\..\microwindows\src\include\unistd_win.h">
      <Filter>include</Filter>
    </ClInclude>
    <ClInclude Include="..\..\microwindows\src\include\vfwmsgs.h">
      <Filter>include</Filter>
    </ClInclude>
    <ClInclude Include="..\..\microwindows\src\include\vsstyle.h">
      <Filter>include</Filter>
    </ClInclude>
    <ClInclude Include="..\..\microwindows\src\include\vssym32.h">
      <Filter>include</Filter>
    </ClInclude>
    <ClInclude Include="..\..\microwindows\src\include\winbase.h">
      <Filter>include</Filter>
    </ClInclude>
    <ClInclude Include="..\..\microwindows\src\include\winctl.h">
      <Filter>include</Filter>
    </ClInclude>
    <ClInclude Include="..\..\microwindows\src\include\windef.h">
      <Filter>include</Filter>
    </ClInclude>
    <ClInclude Include="..\..\microwindows\src\include\windlg.h">
      <Filter>include</Filter>
    </ClInclude>
    <ClInclude Include="..\..\microwindows\src\include\windows.h">
      <Filter>include</Filter>
    </ClInclude>
    <ClInclude Include="..\..\microwindows\src\include\windowsx.h">
      <Filter>include</Filter>
    </ClInclude>
    <ClInclude Include="..\..\microwindows\src\include\winerror.h">
      <Filter>include</Filter>
    </ClInclude>
    <ClInclude Include="..\..\microwindows\src\include\winfont.h">
      <Filter>include</Filter>
    </ClInclude>
    <ClInclude Include="..\..\microwindows\src\include\wingdi.h">
      <Filter>include</Filter>
    </ClInclude>
    <ClInclude Include="..\..\microwindows\src\include\winkbd.h">
      <Filter>include</Filter>
    </ClInclude>
    <ClInclude Include="..\..\microwindows\src\include\winnls.h">
      <Filter>include</Filter>
    </ClInclude>
    <ClInclude Include="..\..\microwindows\src\include\winreg.h">
      <Filter>include</Filter>
    </ClInclude>
    <ClInclude Include="..\..\microwindows\src\include\winres.h">
      <Filter>include</Filter>
    </ClInclude>
    <ClInclude Include="..\..\microwindows\src\include\wintern.h">
      <Filter>include</Filter>
    </ClInclude>
    <ClInclude Include="..\..\microwindows\src\include\wintools.h">
      <Filter>include</Filter>
    </ClInclude>
    <ClInclude Include="..\..\microwindows\src\include\winuser.h">
      <Filter>include</Filter>
    </ClInclude>
  </ItemGroup>
  <ItemGroup>
    <None Include="..\..\microwindows\src\include\memfix.sh">
      <Filter>include</Filter>
    </None>
  </ItemGroup>
</Project>